// !$*UTF8*$!
{
	archiveVersion = 1;
	classes = {
	};
	objectVersion = 50;
	objects = {

/* Begin PBXBuildFile section */
		4B50D9E92275F6E100B826D7 /* main.cpp in Sources */ = {isa = PBXBuildFile; fileRef = 4B50D9E82275F6E100B826D7 /* main.cpp */; };
		4B50D9FA2275F8A900B826D7 /* OpenGL.framework in Frameworks */ = {isa = PBXBuildFile; fileRef = 4B50D9DC2275DD0E00B826D7 /* OpenGL.framework */; };
		4B50D9FF2275F98500B826D7 /* main.cpp in Sources */ = {isa = PBXBuildFile; fileRef = 4B50D9FE2275F98500B826D7 /* main.cpp */; };
		4BAB8A6D2288694B00A8D406 /* shader.cpp in Sources */ = {isa = PBXBuildFile; fileRef = 4BAB8A6B2288694B00A8D406 /* shader.cpp */; };
		4BAB8A73228AF78B00A8D406 /* shader.cpp in Sources */ = {isa = PBXBuildFile; fileRef = 4BAB8A70228AF78B00A8D406 /* shader.cpp */; };
		4BAB8A86228C4BAB00A8D406 /* Camera.cpp in Sources */ = {isa = PBXBuildFile; fileRef = 4BAB8A85228C4BAB00A8D406 /* Camera.cpp */; };
		4BAB8A8E228D9DAC00A8D406 /* main.cpp in Sources */ = {isa = PBXBuildFile; fileRef = 4BAB8A8D228D9DAC00A8D406 /* main.cpp */; };
		4BAB8A9C228D9DDF00A8D406 /* Camera.cpp in Sources */ = {isa = PBXBuildFile; fileRef = 4BAB8A93228D9DDF00A8D406 /* Camera.cpp */; };
		4BAB8A9D228D9DDF00A8D406 /* shader.cpp in Sources */ = {isa = PBXBuildFile; fileRef = 4BAB8A98228D9DDF00A8D406 /* shader.cpp */; };
		4BAB8A9E228D9E0900A8D406 /* OpenGL.framework in Frameworks */ = {isa = PBXBuildFile; fileRef = 4B50D9DC2275DD0E00B826D7 /* OpenGL.framework */; };
		4BAB8A9F228D9E1700A8D406 /* libglfw.3.3.dylib in Frameworks */ = {isa = PBXBuildFile; fileRef = D7A33C2C2276AEDF00B58EEF /* libglfw.3.3.dylib */; };
		4BAB8AA0228D9E4600A8D406 /* stb_imageo.cpp in Sources */ = {isa = PBXBuildFile; fileRef = D70AD092228993D00005854D /* stb_imageo.cpp */; };
		4BAB8AA1228D9E4A00A8D406 /* glad.c in Sources */ = {isa = PBXBuildFile; fileRef = D70AD06E228923370005854D /* glad.c */; };
		D7042F05227EBC9F002490C4 /* main.cpp in Sources */ = {isa = PBXBuildFile; fileRef = D7042F04227EBC9F002490C4 /* main.cpp */; };
		D7042F09227EBD1F002490C4 /* OpenGL.framework in Frameworks */ = {isa = PBXBuildFile; fileRef = 4B50D9DC2275DD0E00B826D7 /* OpenGL.framework */; };
		D7042F0A227EBD36002490C4 /* libglfw.3.3.dylib in Frameworks */ = {isa = PBXBuildFile; fileRef = D7A33C2C2276AEDF00B58EEF /* libglfw.3.3.dylib */; };
		D70AD06F228923370005854D /* glad.c in Sources */ = {isa = PBXBuildFile; fileRef = D70AD06E228923370005854D /* glad.c */; };
		D70AD070228923370005854D /* glad.c in Sources */ = {isa = PBXBuildFile; fileRef = D70AD06E228923370005854D /* glad.c */; };
		D70AD071228923370005854D /* glad.c in Sources */ = {isa = PBXBuildFile; fileRef = D70AD06E228923370005854D /* glad.c */; };
		D70AD08A228941F20005854D /* main.cpp in Sources */ = {isa = PBXBuildFile; fileRef = D70AD089228941F20005854D /* main.cpp */; };
		D70AD08F228991EB0005854D /* shader.cpp in Sources */ = {isa = PBXBuildFile; fileRef = D70AD08D228991EB0005854D /* shader.cpp */; };
		D70AD094228993D00005854D /* stb_imageo.cpp in Sources */ = {isa = PBXBuildFile; fileRef = D70AD092228993D00005854D /* stb_imageo.cpp */; };
		D70AD095228999190005854D /* OpenGL.framework in Frameworks */ = {isa = PBXBuildFile; fileRef = 4B50D9DC2275DD0E00B826D7 /* OpenGL.framework */; };
		D70AD096228999510005854D /* libglfw.3.3.dylib in Frameworks */ = {isa = PBXBuildFile; fileRef = D7A33C2C2276AEDF00B58EEF /* libglfw.3.3.dylib */; };
		D70AD097228999700005854D /* glad.c in Sources */ = {isa = PBXBuildFile; fileRef = D70AD06E228923370005854D /* glad.c */; };
		D70AD0A3228A93380005854D /* main.cpp in Sources */ = {isa = PBXBuildFile; fileRef = D70AD0A2228A93380005854D /* main.cpp */; };
		D70AD0A7228A93670005854D /* OpenGL.framework in Frameworks */ = {isa = PBXBuildFile; fileRef = 4B50D9DC2275DD0E00B826D7 /* OpenGL.framework */; };
		D70AD0A8228A93760005854D /* libglfw.3.3.dylib in Frameworks */ = {isa = PBXBuildFile; fileRef = D7A33C2C2276AEDF00B58EEF /* libglfw.3.3.dylib */; };
		D70AD0B2228A9CCC0005854D /* shader.cpp in Sources */ = {isa = PBXBuildFile; fileRef = D70AD0AC228A9CCC0005854D /* shader.cpp */; };
		D70AD0B3228A9D180005854D /* glad.c in Sources */ = {isa = PBXBuildFile; fileRef = D70AD06E228923370005854D /* glad.c */; };
		D70AD0B4228A9D390005854D /* stb_imageo.cpp in Sources */ = {isa = PBXBuildFile; fileRef = D70AD092228993D00005854D /* stb_imageo.cpp */; };
		D70AD0BC228AAAF60005854D /* main.cpp in Sources */ = {isa = PBXBuildFile; fileRef = D70AD0BB228AAAF60005854D /* main.cpp */; };
		D70AD0C0228AAB1F0005854D /* stb_imageo.cpp in Sources */ = {isa = PBXBuildFile; fileRef = D70AD092228993D00005854D /* stb_imageo.cpp */; };
		D70AD0C1228AAB240005854D /* glad.c in Sources */ = {isa = PBXBuildFile; fileRef = D70AD06E228923370005854D /* glad.c */; };
		D70AD0C2228AAE3F0005854D /* OpenGL.framework in Frameworks */ = {isa = PBXBuildFile; fileRef = 4B50D9DC2275DD0E00B826D7 /* OpenGL.framework */; };
		D70AD0C3228AAE550005854D /* libglfw.3.3.dylib in Frameworks */ = {isa = PBXBuildFile; fileRef = D7A33C2C2276AEDF00B58EEF /* libglfw.3.3.dylib */; };
		D7A33C2D2276AEE000B58EEF /* libglfw.3.3.dylib in Frameworks */ = {isa = PBXBuildFile; fileRef = D7A33C2C2276AEDF00B58EEF /* libglfw.3.3.dylib */; };
		D7A33C2E2276CE4B00B58EEF /* OpenGL.framework in Frameworks */ = {isa = PBXBuildFile; fileRef = 4B50D9DC2275DD0E00B826D7 /* OpenGL.framework */; };
		D7A33C2F2276CE6900B58EEF /* libglfw.3.3.dylib in Frameworks */ = {isa = PBXBuildFile; fileRef = D7A33C2C2276AEDF00B58EEF /* libglfw.3.3.dylib */; };
		D7C1EB33228BB44D000BD697 /* main.cpp in Sources */ = {isa = PBXBuildFile; fileRef = D7C1EB32228BB44D000BD697 /* main.cpp */; };
		D7C1EB37228BB45A000BD697 /* stb_imageo.cpp in Sources */ = {isa = PBXBuildFile; fileRef = D70AD092228993D00005854D /* stb_imageo.cpp */; };
		D7C1EB38228BB45F000BD697 /* glad.c in Sources */ = {isa = PBXBuildFile; fileRef = D70AD06E228923370005854D /* glad.c */; };
		D7C1EB39228BB46D000BD697 /* OpenGL.framework in Frameworks */ = {isa = PBXBuildFile; fileRef = 4B50D9DC2275DD0E00B826D7 /* OpenGL.framework */; };
		D7C1EB3A228BB47A000BD697 /* libglfw.3.3.dylib in Frameworks */ = {isa = PBXBuildFile; fileRef = D7A33C2C2276AEDF00B58EEF /* libglfw.3.3.dylib */; };
		D7C1EB41228BB505000BD697 /* shader.cpp in Sources */ = {isa = PBXBuildFile; fileRef = D7C1EB3E228BB505000BD697 /* shader.cpp */; };
		D7C1EB44228BFC32000BD697 /* Camera.cpp in Sources */ = {isa = PBXBuildFile; fileRef = D7C1EB42228BFC32000BD697 /* Camera.cpp */; };
		D7C1EB50228C1B5F000BD697 /* libglfw.3.3.dylib in Frameworks */ = {isa = PBXBuildFile; fileRef = D7A33C2C2276AEDF00B58EEF /* libglfw.3.3.dylib */; };
		D7C1EB51228C1B68000BD697 /* OpenGL.framework in Frameworks */ = {isa = PBXBuildFile; fileRef = 4B50D9DC2275DD0E00B826D7 /* OpenGL.framework */; };
		D7C1EB59228C1BBE000BD697 /* shader.cpp in Sources */ = {isa = PBXBuildFile; fileRef = D7C1EB55228C1BBE000BD697 /* shader.cpp */; };
		D7C1EB5A228C1BBE000BD697 /* main.cpp in Sources */ = {isa = PBXBuildFile; fileRef = D7C1EB58228C1BBE000BD697 /* main.cpp */; };
		D7C1EB5D228C1F76000BD697 /* stb_imageo.cpp in Sources */ = {isa = PBXBuildFile; fileRef = D70AD092228993D00005854D /* stb_imageo.cpp */; };
		D7C1EB5E228C1F79000BD697 /* glad.c in Sources */ = {isa = PBXBuildFile; fileRef = D70AD06E228923370005854D /* glad.c */; };
		D7C1EB6F228D1406000BD697 /* main.cpp in Sources */ = {isa = PBXBuildFile; fileRef = D7C1EB6E228D1406000BD697 /* main.cpp */; };
		D7C1EB73228D1430000BD697 /* libglfw.3.3.dylib in Frameworks */ = {isa = PBXBuildFile; fileRef = D7A33C2C2276AEDF00B58EEF /* libglfw.3.3.dylib */; };
		D7C1EB74228D1437000BD697 /* OpenGL.framework in Frameworks */ = {isa = PBXBuildFile; fileRef = 4B50D9DC2275DD0E00B826D7 /* OpenGL.framework */; };
		D7C1EB75228D1469000BD697 /* glad.c in Sources */ = {isa = PBXBuildFile; fileRef = D70AD06E228923370005854D /* glad.c */; };
		D7C1EB76228D146E000BD697 /* stb_imageo.cpp in Sources */ = {isa = PBXBuildFile; fileRef = D70AD092228993D00005854D /* stb_imageo.cpp */; };
		D7C1EB81228D149E000BD697 /* shader.cpp in Sources */ = {isa = PBXBuildFile; fileRef = D7C1EB7B228D149E000BD697 /* shader.cpp */; };
		D7C1EB82228D149E000BD697 /* Camera.cpp in Sources */ = {isa = PBXBuildFile; fileRef = D7C1EB80228D149E000BD697 /* Camera.cpp */; };
		D7C1EB8A228D5104000BD697 /* main.cpp in Sources */ = {isa = PBXBuildFile; fileRef = D7C1EB89228D5104000BD697 /* main.cpp */; };
		D7C1EB8E228D5123000BD697 /* OpenGL.framework in Frameworks */ = {isa = PBXBuildFile; fileRef = 4B50D9DC2275DD0E00B826D7 /* OpenGL.framework */; };
		D7C1EB8F228D5135000BD697 /* libglfw.3.3.dylib in Frameworks */ = {isa = PBXBuildFile; fileRef = D7A33C2C2276AEDF00B58EEF /* libglfw.3.3.dylib */; };
		D7C1EB9A228D51AA000BD697 /* Camera.cpp in Sources */ = {isa = PBXBuildFile; fileRef = D7C1EB92228D51AA000BD697 /* Camera.cpp */; };
		D7C1EB9B228D51AA000BD697 /* shader.cpp in Sources */ = {isa = PBXBuildFile; fileRef = D7C1EB96228D51AA000BD697 /* shader.cpp */; };
		D7C1EB9C228D51B2000BD697 /* stb_imageo.cpp in Sources */ = {isa = PBXBuildFile; fileRef = D70AD092228993D00005854D /* stb_imageo.cpp */; };
		D7C1EB9D228D51B7000BD697 /* glad.c in Sources */ = {isa = PBXBuildFile; fileRef = D70AD06E228923370005854D /* glad.c */; };
/* End PBXBuildFile section */

/* Begin PBXCopyFilesBuildPhase section */
		4B50D9E42275F6E100B826D7 /* CopyFiles */ = {
			isa = PBXCopyFilesBuildPhase;
			buildActionMask = 2147483647;
			dstPath = /usr/share/man/man1/;
			dstSubfolderSpec = 0;
			files = (
			);
			runOnlyForDeploymentPostprocessing = 1;
		};
		4B50D9EF2275F7EA00B826D7 /* CopyFiles */ = {
			isa = PBXCopyFilesBuildPhase;
			buildActionMask = 2147483647;
			dstPath = /usr/share/man/man1/;
			dstSubfolderSpec = 0;
			files = (
			);
			runOnlyForDeploymentPostprocessing = 1;
		};
		4BAB8A89228D9DAC00A8D406 /* CopyFiles */ = {
			isa = PBXCopyFilesBuildPhase;
			buildActionMask = 2147483647;
			dstPath = /usr/share/man/man1/;
			dstSubfolderSpec = 0;
			files = (
			);
			runOnlyForDeploymentPostprocessing = 1;
		};
		D7042F00227EBC9F002490C4 /* CopyFiles */ = {
			isa = PBXCopyFilesBuildPhase;
			buildActionMask = 2147483647;
			dstPath = /usr/share/man/man1/;
			dstSubfolderSpec = 0;
			files = (
			);
			runOnlyForDeploymentPostprocessing = 1;
		};
		D70AD07F22893FC00005854D /* CopyFiles */ = {
			isa = PBXCopyFilesBuildPhase;
			buildActionMask = 2147483647;
			dstPath = /usr/share/man/man1/;
			dstSubfolderSpec = 0;
			files = (
			);
			runOnlyForDeploymentPostprocessing = 1;
		};
		D70AD09E228A93380005854D /* CopyFiles */ = {
			isa = PBXCopyFilesBuildPhase;
			buildActionMask = 2147483647;
			dstPath = /usr/share/man/man1/;
			dstSubfolderSpec = 0;
			files = (
			);
			runOnlyForDeploymentPostprocessing = 1;
		};
		D70AD0B7228AAAF60005854D /* CopyFiles */ = {
			isa = PBXCopyFilesBuildPhase;
			buildActionMask = 2147483647;
			dstPath = /usr/share/man/man1/;
			dstSubfolderSpec = 0;
			files = (
			);
			runOnlyForDeploymentPostprocessing = 1;
		};
		D7C1EB2E228BB44D000BD697 /* CopyFiles */ = {
			isa = PBXCopyFilesBuildPhase;
			buildActionMask = 2147483647;
			dstPath = /usr/share/man/man1/;
			dstSubfolderSpec = 0;
			files = (
			);
			runOnlyForDeploymentPostprocessing = 1;
		};
		D7C1EB47228C1AEE000BD697 /* CopyFiles */ = {
			isa = PBXCopyFilesBuildPhase;
			buildActionMask = 2147483647;
			dstPath = /usr/share/man/man1/;
			dstSubfolderSpec = 0;
			files = (
			);
			runOnlyForDeploymentPostprocessing = 1;
		};
		D7C1EB6A228D1406000BD697 /* CopyFiles */ = {
			isa = PBXCopyFilesBuildPhase;
			buildActionMask = 2147483647;
			dstPath = /usr/share/man/man1/;
			dstSubfolderSpec = 0;
			files = (
			);
			runOnlyForDeploymentPostprocessing = 1;
		};
		D7C1EB85228D5104000BD697 /* CopyFiles */ = {
			isa = PBXCopyFilesBuildPhase;
			buildActionMask = 2147483647;
			dstPath = /usr/share/man/man1/;
			dstSubfolderSpec = 0;
			files = (
			);
			runOnlyForDeploymentPostprocessing = 1;
		};
/* End PBXCopyFilesBuildPhase section */

/* Begin PBXFileReference section */
		4B50D9DC2275DD0E00B826D7 /* OpenGL.framework */ = {isa = PBXFileReference; lastKnownFileType = wrapper.framework; name = OpenGL.framework; path = System/Library/Frameworks/OpenGL.framework; sourceTree = SDKROOT; };
		4B50D9E62275F6E100B826D7 /* LearnOpenGL-02-三角形 */ = {isa = PBXFileReference; explicitFileType = "compiled.mach-o.executable"; includeInIndex = 0; path = "LearnOpenGL-02-三角形"; sourceTree = BUILT_PRODUCTS_DIR; };
		4B50D9E82275F6E100B826D7 /* main.cpp */ = {isa = PBXFileReference; lastKnownFileType = sourcecode.cpp.cpp; path = main.cpp; sourceTree = "<group>"; };
		4B50D9F12275F7EA00B826D7 /* LearnOpenGL-01-窗口 */ = {isa = PBXFileReference; explicitFileType = "compiled.mach-o.executable"; includeInIndex = 0; path = "LearnOpenGL-01-窗口"; sourceTree = BUILT_PRODUCTS_DIR; };
		4B50D9FE2275F98500B826D7 /* main.cpp */ = {isa = PBXFileReference; fileEncoding = 4; lastKnownFileType = sourcecode.cpp.cpp; path = main.cpp; sourceTree = "<group>"; };
		4BAB8A67228846A100A8D406 /* 03-README.md */ = {isa = PBXFileReference; lastKnownFileType = net.daringfireball.markdown; path = "03-README.md"; sourceTree = "<group>"; };
		4BAB8A6B2288694B00A8D406 /* shader.cpp */ = {isa = PBXFileReference; lastKnownFileType = sourcecode.cpp.cpp; path = shader.cpp; sourceTree = "<group>"; };
		4BAB8A6C2288694B00A8D406 /* shader.hpp */ = {isa = PBXFileReference; lastKnownFileType = sourcecode.cpp.h; path = shader.hpp; sourceTree = "<group>"; };
		4BAB8A6F228AF78B00A8D406 /* shader.vs */ = {isa = PBXFileReference; fileEncoding = 4; lastKnownFileType = sourcecode.glsl; path = shader.vs; sourceTree = "<group>"; };
		4BAB8A70228AF78B00A8D406 /* shader.cpp */ = {isa = PBXFileReference; fileEncoding = 4; lastKnownFileType = sourcecode.cpp.cpp; path = shader.cpp; sourceTree = "<group>"; };
		4BAB8A71228AF78B00A8D406 /* shader.hpp */ = {isa = PBXFileReference; fileEncoding = 4; lastKnownFileType = sourcecode.cpp.h; path = shader.hpp; sourceTree = "<group>"; };
		4BAB8A72228AF78B00A8D406 /* shader.fs */ = {isa = PBXFileReference; fileEncoding = 4; lastKnownFileType = sourcecode.glsl; path = shader.fs; sourceTree = "<group>"; };
		4BAB8A74228AFF9F00A8D406 /* 06-README.md */ = {isa = PBXFileReference; lastKnownFileType = net.daringfireball.markdown; path = "06-README.md"; sourceTree = "<group>"; };
		4BAB8A84228C4BAB00A8D406 /* Camera.hpp */ = {isa = PBXFileReference; fileEncoding = 4; lastKnownFileType = sourcecode.cpp.h; path = Camera.hpp; sourceTree = "<group>"; };
		4BAB8A85228C4BAB00A8D406 /* Camera.cpp */ = {isa = PBXFileReference; fileEncoding = 4; lastKnownFileType = sourcecode.cpp.cpp; path = Camera.cpp; sourceTree = "<group>"; };
		4BAB8A8B228D9DAC00A8D406 /* LearnOpenGL-11-LightingMaps */ = {isa = PBXFileReference; explicitFileType = "compiled.mach-o.executable"; includeInIndex = 0; path = "LearnOpenGL-11-LightingMaps"; sourceTree = BUILT_PRODUCTS_DIR; };
		4BAB8A8D228D9DAC00A8D406 /* main.cpp */ = {isa = PBXFileReference; lastKnownFileType = sourcecode.cpp.cpp; path = main.cpp; sourceTree = "<group>"; };
		4BAB8A92228D9DDF00A8D406 /* Camera.hpp */ = {isa = PBXFileReference; fileEncoding = 4; lastKnownFileType = sourcecode.cpp.h; path = Camera.hpp; sourceTree = "<group>"; };
		4BAB8A93228D9DDF00A8D406 /* Camera.cpp */ = {isa = PBXFileReference; fileEncoding = 4; lastKnownFileType = sourcecode.cpp.cpp; path = Camera.cpp; sourceTree = "<group>"; };
		4BAB8A94228D9DDF00A8D406 /* 11-README.md */ = {isa = PBXFileReference; fileEncoding = 4; lastKnownFileType = net.daringfireball.markdown; path = "11-README.md"; sourceTree = "<group>"; };
		4BAB8A96228D9DDF00A8D406 /* lightShader.vs */ = {isa = PBXFileReference; fileEncoding = 4; lastKnownFileType = sourcecode.glsl; path = lightShader.vs; sourceTree = "<group>"; };
		4BAB8A97228D9DDF00A8D406 /* shader.vs */ = {isa = PBXFileReference; fileEncoding = 4; lastKnownFileType = sourcecode.glsl; path = shader.vs; sourceTree = "<group>"; };
		4BAB8A98228D9DDF00A8D406 /* shader.cpp */ = {isa = PBXFileReference; fileEncoding = 4; lastKnownFileType = sourcecode.cpp.cpp; path = shader.cpp; sourceTree = "<group>"; };
		4BAB8A99228D9DDF00A8D406 /* shader.hpp */ = {isa = PBXFileReference; fileEncoding = 4; lastKnownFileType = sourcecode.cpp.h; path = shader.hpp; sourceTree = "<group>"; };
		4BAB8A9A228D9DDF00A8D406 /* lightShader.fs */ = {isa = PBXFileReference; fileEncoding = 4; lastKnownFileType = sourcecode.glsl; path = lightShader.fs; sourceTree = "<group>"; };
		4BAB8A9B228D9DDF00A8D406 /* shader.fs */ = {isa = PBXFileReference; fileEncoding = 4; lastKnownFileType = sourcecode.glsl; path = shader.fs; sourceTree = "<group>"; };
		4BAB8AA2228D9FC200A8D406 /* container2.png */ = {isa = PBXFileReference; lastKnownFileType = image.png; path = container2.png; sourceTree = "<group>"; };
		4BAB8AA3228DA90B00A8D406 /* container2_specular.png */ = {isa = PBXFileReference; lastKnownFileType = image.png; path = container2_specular.png; sourceTree = "<group>"; };
		D7042F02227EBC9F002490C4 /* LearnOpenGL-03-Shader */ = {isa = PBXFileReference; explicitFileType = "compiled.mach-o.executable"; includeInIndex = 0; path = "LearnOpenGL-03-Shader"; sourceTree = BUILT_PRODUCTS_DIR; };
		D7042F04227EBC9F002490C4 /* main.cpp */ = {isa = PBXFileReference; lastKnownFileType = sourcecode.cpp.cpp; path = main.cpp; sourceTree = "<group>"; };
		D70AD06C22891F840005854D /* Shader.vs */ = {isa = PBXFileReference; lastKnownFileType = sourcecode.glsl; path = Shader.vs; sourceTree = "<group>"; };
		D70AD06D22891F910005854D /* Shader.fs */ = {isa = PBXFileReference; lastKnownFileType = sourcecode.glsl; path = Shader.fs; sourceTree = "<group>"; };
		D70AD06E228923370005854D /* glad.c */ = {isa = PBXFileReference; fileEncoding = 4; lastKnownFileType = sourcecode.c.c; path = glad.c; sourceTree = "<group>"; };
		D70AD08122893FC00005854D /* LearnOpenGL-04-Texture */ = {isa = PBXFileReference; explicitFileType = "compiled.mach-o.executable"; includeInIndex = 0; path = "LearnOpenGL-04-Texture"; sourceTree = BUILT_PRODUCTS_DIR; };
		D70AD088228941D10005854D /* 04-README.md */ = {isa = PBXFileReference; lastKnownFileType = net.daringfireball.markdown; path = "04-README.md"; sourceTree = "<group>"; };
		D70AD089228941F20005854D /* main.cpp */ = {isa = PBXFileReference; fileEncoding = 4; lastKnownFileType = sourcecode.cpp.cpp; path = main.cpp; sourceTree = "<group>"; };
		D70AD08B2289508A0005854D /* stb_image.h */ = {isa = PBXFileReference; fileEncoding = 4; lastKnownFileType = sourcecode.c.h; path = stb_image.h; sourceTree = "<group>"; };
		D70AD08C228990360005854D /* container.jpg */ = {isa = PBXFileReference; lastKnownFileType = image.jpeg; path = container.jpg; sourceTree = "<group>"; };
		D70AD08D228991EB0005854D /* shader.cpp */ = {isa = PBXFileReference; lastKnownFileType = sourcecode.cpp.cpp; path = shader.cpp; sourceTree = "<group>"; };
		D70AD08E228991EB0005854D /* shader.hpp */ = {isa = PBXFileReference; lastKnownFileType = sourcecode.cpp.h; path = shader.hpp; sourceTree = "<group>"; };
		D70AD090228992BF0005854D /* shader.vs */ = {isa = PBXFileReference; lastKnownFileType = sourcecode.glsl; path = shader.vs; sourceTree = "<group>"; };
		D70AD091228992CC0005854D /* shader.fs */ = {isa = PBXFileReference; lastKnownFileType = sourcecode.glsl; path = shader.fs; sourceTree = "<group>"; };
		D70AD092228993D00005854D /* stb_imageo.cpp */ = {isa = PBXFileReference; lastKnownFileType = sourcecode.cpp.cpp; path = stb_imageo.cpp; sourceTree = "<group>"; };
		D70AD093228993D00005854D /* stb_imageo.hpp */ = {isa = PBXFileReference; lastKnownFileType = sourcecode.cpp.h; path = stb_imageo.hpp; sourceTree = "<group>"; };
		D70AD0982289A0110005854D /* awesomeface.png */ = {isa = PBXFileReference; lastKnownFileType = image.png; path = awesomeface.png; sourceTree = "<group>"; };
		D70AD0A0228A93380005854D /* LearnOpenGL-05-Transform */ = {isa = PBXFileReference; explicitFileType = "compiled.mach-o.executable"; includeInIndex = 0; path = "LearnOpenGL-05-Transform"; sourceTree = BUILT_PRODUCTS_DIR; };
		D70AD0A2228A93380005854D /* main.cpp */ = {isa = PBXFileReference; lastKnownFileType = sourcecode.cpp.cpp; path = main.cpp; sourceTree = "<group>"; };
		D70AD0A9228A94510005854D /* 05-README.md */ = {isa = PBXFileReference; lastKnownFileType = net.daringfireball.markdown; path = "05-README.md"; sourceTree = "<group>"; };
		D70AD0AB228A9CCC0005854D /* shader.vs */ = {isa = PBXFileReference; fileEncoding = 4; lastKnownFileType = sourcecode.glsl; path = shader.vs; sourceTree = "<group>"; };
		D70AD0AC228A9CCC0005854D /* shader.cpp */ = {isa = PBXFileReference; fileEncoding = 4; lastKnownFileType = sourcecode.cpp.cpp; path = shader.cpp; sourceTree = "<group>"; };
		D70AD0AD228A9CCC0005854D /* shader.hpp */ = {isa = PBXFileReference; fileEncoding = 4; lastKnownFileType = sourcecode.cpp.h; path = shader.hpp; sourceTree = "<group>"; };
		D70AD0AE228A9CCC0005854D /* shader.fs */ = {isa = PBXFileReference; fileEncoding = 4; lastKnownFileType = sourcecode.glsl; path = shader.fs; sourceTree = "<group>"; };
		D70AD0B0228A9CCC0005854D /* container.jpg */ = {isa = PBXFileReference; lastKnownFileType = image.jpeg; path = container.jpg; sourceTree = "<group>"; };
		D70AD0B1228A9CCC0005854D /* awesomeface.png */ = {isa = PBXFileReference; lastKnownFileType = image.png; path = awesomeface.png; sourceTree = "<group>"; };
		D70AD0B9228AAAF60005854D /* LearnOpenGL-06-CoordinateSystems */ = {isa = PBXFileReference; explicitFileType = "compiled.mach-o.executable"; includeInIndex = 0; path = "LearnOpenGL-06-CoordinateSystems"; sourceTree = BUILT_PRODUCTS_DIR; };
		D70AD0BB228AAAF60005854D /* main.cpp */ = {isa = PBXFileReference; lastKnownFileType = sourcecode.cpp.cpp; path = main.cpp; sourceTree = "<group>"; };
		D7A33C2C2276AEDF00B58EEF /* libglfw.3.3.dylib */ = {isa = PBXFileReference; lastKnownFileType = "compiled.mach-o.dylib"; name = libglfw.3.3.dylib; path = ../../../../../usr/local/Cellar/glfw/3.3/lib/libglfw.3.3.dylib; sourceTree = "<group>"; };
		D7A33C302276E31E00B58EEF /* README.md */ = {isa = PBXFileReference; lastKnownFileType = net.daringfireball.markdown; name = README.md; path = ../README.md; sourceTree = "<group>"; };
		D7A33C312276E54E00B58EEF /* 01-README.md */ = {isa = PBXFileReference; lastKnownFileType = net.daringfireball.markdown; path = "01-README.md"; sourceTree = "<group>"; };
		D7A33C322276E58700B58EEF /* 02-README.md */ = {isa = PBXFileReference; lastKnownFileType = net.daringfireball.markdown; path = "02-README.md"; sourceTree = "<group>"; };
		D7C1EB30228BB44D000BD697 /* LearnOpenGL-07-Camera */ = {isa = PBXFileReference; explicitFileType = "compiled.mach-o.executable"; includeInIndex = 0; path = "LearnOpenGL-07-Camera"; sourceTree = BUILT_PRODUCTS_DIR; };
		D7C1EB32228BB44D000BD697 /* main.cpp */ = {isa = PBXFileReference; lastKnownFileType = sourcecode.cpp.cpp; path = main.cpp; sourceTree = "<group>"; };
		D7C1EB3B228BB505000BD697 /* 07-README.md */ = {isa = PBXFileReference; fileEncoding = 4; lastKnownFileType = net.daringfireball.markdown; path = "07-README.md"; sourceTree = "<group>"; };
		D7C1EB3D228BB505000BD697 /* shader.vs */ = {isa = PBXFileReference; fileEncoding = 4; lastKnownFileType = sourcecode.glsl; path = shader.vs; sourceTree = "<group>"; };
		D7C1EB3E228BB505000BD697 /* shader.cpp */ = {isa = PBXFileReference; fileEncoding = 4; lastKnownFileType = sourcecode.cpp.cpp; path = shader.cpp; sourceTree = "<group>"; };
		D7C1EB3F228BB505000BD697 /* shader.hpp */ = {isa = PBXFileReference; fileEncoding = 4; lastKnownFileType = sourcecode.cpp.h; path = shader.hpp; sourceTree = "<group>"; };
		D7C1EB40228BB505000BD697 /* shader.fs */ = {isa = PBXFileReference; fileEncoding = 4; lastKnownFileType = sourcecode.glsl; path = shader.fs; sourceTree = "<group>"; };
		D7C1EB42228BFC32000BD697 /* Camera.cpp */ = {isa = PBXFileReference; lastKnownFileType = sourcecode.cpp.cpp; path = Camera.cpp; sourceTree = "<group>"; };
		D7C1EB43228BFC32000BD697 /* Camera.hpp */ = {isa = PBXFileReference; lastKnownFileType = sourcecode.cpp.h; path = Camera.hpp; sourceTree = "<group>"; };
		D7C1EB49228C1AEE000BD697 /* LearnOpenGL_08-Colors */ = {isa = PBXFileReference; explicitFileType = "compiled.mach-o.executable"; includeInIndex = 0; path = "LearnOpenGL_08-Colors"; sourceTree = BUILT_PRODUCTS_DIR; };
		D7C1EB54228C1BBE000BD697 /* shader.vs */ = {isa = PBXFileReference; fileEncoding = 4; lastKnownFileType = sourcecode.glsl; path = shader.vs; sourceTree = "<group>"; };
		D7C1EB55228C1BBE000BD697 /* shader.cpp */ = {isa = PBXFileReference; fileEncoding = 4; lastKnownFileType = sourcecode.cpp.cpp; path = shader.cpp; sourceTree = "<group>"; };
		D7C1EB56228C1BBE000BD697 /* shader.hpp */ = {isa = PBXFileReference; fileEncoding = 4; lastKnownFileType = sourcecode.cpp.h; path = shader.hpp; sourceTree = "<group>"; };
		D7C1EB57228C1BBE000BD697 /* shader.fs */ = {isa = PBXFileReference; fileEncoding = 4; lastKnownFileType = sourcecode.glsl; path = shader.fs; sourceTree = "<group>"; };
		D7C1EB58228C1BBE000BD697 /* main.cpp */ = {isa = PBXFileReference; fileEncoding = 4; lastKnownFileType = sourcecode.cpp.cpp; path = main.cpp; sourceTree = "<group>"; };
		D7C1EB5B228C1D3B000BD697 /* lightShader.fs */ = {isa = PBXFileReference; lastKnownFileType = sourcecode.glsl; path = lightShader.fs; sourceTree = "<group>"; };
		D7C1EB5C228C1DE3000BD697 /* lightShader.vs */ = {isa = PBXFileReference; lastKnownFileType = sourcecode.glsl; path = lightShader.vs; sourceTree = "<group>"; };
		D7C1EB67228D0458000BD697 /* 08-README.md */ = {isa = PBXFileReference; lastKnownFileType = net.daringfireball.markdown; path = "08-README.md"; sourceTree = "<group>"; };
		D7C1EB6C228D1406000BD697 /* LearnOpenGL-09-BasicLighting */ = {isa = PBXFileReference; explicitFileType = "compiled.mach-o.executable"; includeInIndex = 0; path = "LearnOpenGL-09-BasicLighting"; sourceTree = BUILT_PRODUCTS_DIR; };
		D7C1EB6E228D1406000BD697 /* main.cpp */ = {isa = PBXFileReference; lastKnownFileType = sourcecode.cpp.cpp; path = main.cpp; sourceTree = "<group>"; };
		D7C1EB77228D149E000BD697 /* 09-README.md */ = {isa = PBXFileReference; fileEncoding = 4; lastKnownFileType = net.daringfireball.markdown; path = "09-README.md"; sourceTree = "<group>"; };
		D7C1EB79228D149E000BD697 /* lightShader.vs */ = {isa = PBXFileReference; fileEncoding = 4; lastKnownFileType = sourcecode.glsl; path = lightShader.vs; sourceTree = "<group>"; };
		D7C1EB7A228D149E000BD697 /* shader.vs */ = {isa = PBXFileReference; fileEncoding = 4; lastKnownFileType = sourcecode.glsl; path = shader.vs; sourceTree = "<group>"; };
		D7C1EB7B228D149E000BD697 /* shader.cpp */ = {isa = PBXFileReference; fileEncoding = 4; lastKnownFileType = sourcecode.cpp.cpp; path = shader.cpp; sourceTree = "<group>"; };
		D7C1EB7C228D149E000BD697 /* shader.hpp */ = {isa = PBXFileReference; fileEncoding = 4; lastKnownFileType = sourcecode.cpp.h; path = shader.hpp; sourceTree = "<group>"; };
		D7C1EB7D228D149E000BD697 /* lightShader.fs */ = {isa = PBXFileReference; fileEncoding = 4; lastKnownFileType = sourcecode.glsl; path = lightShader.fs; sourceTree = "<group>"; };
		D7C1EB7E228D149E000BD697 /* shader.fs */ = {isa = PBXFileReference; fileEncoding = 4; lastKnownFileType = sourcecode.glsl; path = shader.fs; sourceTree = "<group>"; };
		D7C1EB7F228D149E000BD697 /* Camera.hpp */ = {isa = PBXFileReference; fileEncoding = 4; lastKnownFileType = sourcecode.cpp.h; path = Camera.hpp; sourceTree = "<group>"; };
		D7C1EB80228D149E000BD697 /* Camera.cpp */ = {isa = PBXFileReference; fileEncoding = 4; lastKnownFileType = sourcecode.cpp.cpp; path = Camera.cpp; sourceTree = "<group>"; };
		D7C1EB87228D5104000BD697 /* LearnOpenGL-10-Materials */ = {isa = PBXFileReference; explicitFileType = "compiled.mach-o.executable"; includeInIndex = 0; path = "LearnOpenGL-10-Materials"; sourceTree = BUILT_PRODUCTS_DIR; };
		D7C1EB89228D5104000BD697 /* main.cpp */ = {isa = PBXFileReference; lastKnownFileType = sourcecode.cpp.cpp; path = main.cpp; sourceTree = "<group>"; };
		D7C1EB90228D51AA000BD697 /* Camera.hpp */ = {isa = PBXFileReference; fileEncoding = 4; lastKnownFileType = sourcecode.cpp.h; path = Camera.hpp; sourceTree = "<group>"; };
		D7C1EB91228D51AA000BD697 /* 10-README.md */ = {isa = PBXFileReference; fileEncoding = 4; lastKnownFileType = net.daringfireball.markdown; path = "10-README.md"; sourceTree = "<group>"; };
		D7C1EB92228D51AA000BD697 /* Camera.cpp */ = {isa = PBXFileReference; fileEncoding = 4; lastKnownFileType = sourcecode.cpp.cpp; path = Camera.cpp; sourceTree = "<group>"; };
		D7C1EB94228D51AA000BD697 /* lightShader.vs */ = {isa = PBXFileReference; fileEncoding = 4; lastKnownFileType = sourcecode.glsl; path = lightShader.vs; sourceTree = "<group>"; };
		D7C1EB95228D51AA000BD697 /* shader.vs */ = {isa = PBXFileReference; fileEncoding = 4; lastKnownFileType = sourcecode.glsl; path = shader.vs; sourceTree = "<group>"; };
		D7C1EB96228D51AA000BD697 /* shader.cpp */ = {isa = PBXFileReference; fileEncoding = 4; lastKnownFileType = sourcecode.cpp.cpp; path = shader.cpp; sourceTree = "<group>"; };
		D7C1EB97228D51AA000BD697 /* shader.hpp */ = {isa = PBXFileReference; fileEncoding = 4; lastKnownFileType = sourcecode.cpp.h; path = shader.hpp; sourceTree = "<group>"; };
		D7C1EB98228D51AA000BD697 /* lightShader.fs */ = {isa = PBXFileReference; fileEncoding = 4; lastKnownFileType = sourcecode.glsl; path = lightShader.fs; sourceTree = "<group>"; };
		D7C1EB99228D51AA000BD697 /* shader.fs */ = {isa = PBXFileReference; fileEncoding = 4; lastKnownFileType = sourcecode.glsl; path = shader.fs; sourceTree = "<group>"; };
/* End PBXFileReference section */

/* Begin PBXFrameworksBuildPhase section */
		4B50D9E32275F6E100B826D7 /* Frameworks */ = {
			isa = PBXFrameworksBuildPhase;
			buildActionMask = 2147483647;
			files = (
				D7A33C2E2276CE4B00B58EEF /* OpenGL.framework in Frameworks */,
				D7A33C2F2276CE6900B58EEF /* libglfw.3.3.dylib in Frameworks */,
			);
			runOnlyForDeploymentPostprocessing = 0;
		};
		4B50D9EE2275F7EA00B826D7 /* Frameworks */ = {
			isa = PBXFrameworksBuildPhase;
			buildActionMask = 2147483647;
			files = (
				D7A33C2D2276AEE000B58EEF /* libglfw.3.3.dylib in Frameworks */,
				4B50D9FA2275F8A900B826D7 /* OpenGL.framework in Frameworks */,
			);
			runOnlyForDeploymentPostprocessing = 0;
		};
		4BAB8A88228D9DAC00A8D406 /* Frameworks */ = {
			isa = PBXFrameworksBuildPhase;
			buildActionMask = 2147483647;
			files = (
				4BAB8A9E228D9E0900A8D406 /* OpenGL.framework in Frameworks */,
				4BAB8A9F228D9E1700A8D406 /* libglfw.3.3.dylib in Frameworks */,
			);
			runOnlyForDeploymentPostprocessing = 0;
		};
		D7042EFF227EBC9F002490C4 /* Frameworks */ = {
			isa = PBXFrameworksBuildPhase;
			buildActionMask = 2147483647;
			files = (
				D7042F09227EBD1F002490C4 /* OpenGL.framework in Frameworks */,
				D7042F0A227EBD36002490C4 /* libglfw.3.3.dylib in Frameworks */,
			);
			runOnlyForDeploymentPostprocessing = 0;
		};
		D70AD07E22893FC00005854D /* Frameworks */ = {
			isa = PBXFrameworksBuildPhase;
			buildActionMask = 2147483647;
			files = (
				D70AD095228999190005854D /* OpenGL.framework in Frameworks */,
				D70AD096228999510005854D /* libglfw.3.3.dylib in Frameworks */,
			);
			runOnlyForDeploymentPostprocessing = 0;
		};
		D70AD09D228A93380005854D /* Frameworks */ = {
			isa = PBXFrameworksBuildPhase;
			buildActionMask = 2147483647;
			files = (
				D70AD0A7228A93670005854D /* OpenGL.framework in Frameworks */,
				D70AD0A8228A93760005854D /* libglfw.3.3.dylib in Frameworks */,
			);
			runOnlyForDeploymentPostprocessing = 0;
		};
		D70AD0B6228AAAF60005854D /* Frameworks */ = {
			isa = PBXFrameworksBuildPhase;
			buildActionMask = 2147483647;
			files = (
				D70AD0C2228AAE3F0005854D /* OpenGL.framework in Frameworks */,
				D70AD0C3228AAE550005854D /* libglfw.3.3.dylib in Frameworks */,
			);
			runOnlyForDeploymentPostprocessing = 0;
		};
		D7C1EB2D228BB44D000BD697 /* Frameworks */ = {
			isa = PBXFrameworksBuildPhase;
			buildActionMask = 2147483647;
			files = (
				D7C1EB3A228BB47A000BD697 /* libglfw.3.3.dylib in Frameworks */,
				D7C1EB39228BB46D000BD697 /* OpenGL.framework in Frameworks */,
			);
			runOnlyForDeploymentPostprocessing = 0;
		};
		D7C1EB46228C1AEE000BD697 /* Frameworks */ = {
			isa = PBXFrameworksBuildPhase;
			buildActionMask = 2147483647;
			files = (
				D7C1EB51228C1B68000BD697 /* OpenGL.framework in Frameworks */,
				D7C1EB50228C1B5F000BD697 /* libglfw.3.3.dylib in Frameworks */,
			);
			runOnlyForDeploymentPostprocessing = 0;
		};
		D7C1EB69228D1406000BD697 /* Frameworks */ = {
			isa = PBXFrameworksBuildPhase;
			buildActionMask = 2147483647;
			files = (
				D7C1EB74228D1437000BD697 /* OpenGL.framework in Frameworks */,
				D7C1EB73228D1430000BD697 /* libglfw.3.3.dylib in Frameworks */,
			);
			runOnlyForDeploymentPostprocessing = 0;
		};
		D7C1EB84228D5104000BD697 /* Frameworks */ = {
			isa = PBXFrameworksBuildPhase;
			buildActionMask = 2147483647;
			files = (
				D7C1EB8E228D5123000BD697 /* OpenGL.framework in Frameworks */,
				D7C1EB8F228D5135000BD697 /* libglfw.3.3.dylib in Frameworks */,
			);
			runOnlyForDeploymentPostprocessing = 0;
		};
/* End PBXFrameworksBuildPhase section */

/* Begin PBXGroup section */
		4B50D9C82275DC2500B826D7 = {
			isa = PBXGroup;
			children = (
				D7A33C302276E31E00B58EEF /* README.md */,
				D70AD0AF228A9CCC0005854D /* resources */,
				D70AD09B228A56D80005854D /* stb_image */,
				D7A33C332276E64200B58EEF /* libs */,
				4B50D9F22275F7EA00B826D7 /* LearnOpenGL-01-Window */,
				4B50D9E72275F6E100B826D7 /* LearnOpenGL-02-Triangle */,
				D7042F03227EBC9F002490C4 /* LearnOpenGL-03-Shader */,
				D70AD08222893FC10005854D /* LearnOpenGL-04-Texture */,
				D70AD0A1228A93380005854D /* LearnOpenGL-05-Transform */,
				D70AD0BA228AAAF60005854D /* LearnOpenGL-06-CoordinateSystems */,
				D7C1EB31228BB44D000BD697 /* LearnOpenGL-07-Camera */,
				D7C1EB52228C1BBE000BD697 /* LearnOpenGL-08-Colors */,
				D7C1EB6D228D1406000BD697 /* LearnOpenGL-09-BasicLighting */,
				D7C1EB88228D5104000BD697 /* LearnOpenGL-10-Materials */,
				4BAB8A8C228D9DAC00A8D406 /* LearnOpenGL-11-LightingMaps */,
				4B50D9D22275DC2500B826D7 /* Products */,
				4B50D9DB2275DD0E00B826D7 /* Frameworks */,
			);
			sourceTree = "<group>";
		};
		4B50D9D22275DC2500B826D7 /* Products */ = {
			isa = PBXGroup;
			children = (
				4B50D9E62275F6E100B826D7 /* LearnOpenGL-02-三角形 */,
				4B50D9F12275F7EA00B826D7 /* LearnOpenGL-01-窗口 */,
				D7042F02227EBC9F002490C4 /* LearnOpenGL-03-Shader */,
				D70AD08122893FC00005854D /* LearnOpenGL-04-Texture */,
				D70AD0A0228A93380005854D /* LearnOpenGL-05-Transform */,
				D70AD0B9228AAAF60005854D /* LearnOpenGL-06-CoordinateSystems */,
				D7C1EB30228BB44D000BD697 /* LearnOpenGL-07-Camera */,
				D7C1EB49228C1AEE000BD697 /* LearnOpenGL_08-Colors */,
				D7C1EB6C228D1406000BD697 /* LearnOpenGL-09-BasicLighting */,
				D7C1EB87228D5104000BD697 /* LearnOpenGL-10-Materials */,
				4BAB8A8B228D9DAC00A8D406 /* LearnOpenGL-11-LightingMaps */,
			);
			name = Products;
			sourceTree = "<group>";
		};
		4B50D9DB2275DD0E00B826D7 /* Frameworks */ = {
			isa = PBXGroup;
			children = (
				D7A33C2C2276AEDF00B58EEF /* libglfw.3.3.dylib */,
				4B50D9DC2275DD0E00B826D7 /* OpenGL.framework */,
			);
			name = Frameworks;
			sourceTree = "<group>";
		};
		4B50D9E72275F6E100B826D7 /* LearnOpenGL-02-Triangle */ = {
			isa = PBXGroup;
			children = (
				4B50D9E82275F6E100B826D7 /* main.cpp */,
				D7A33C322276E58700B58EEF /* 02-README.md */,
			);
			path = "LearnOpenGL-02-Triangle";
			sourceTree = "<group>";
		};
		4B50D9F22275F7EA00B826D7 /* LearnOpenGL-01-Window */ = {
			isa = PBXGroup;
			children = (
				4B50D9FE2275F98500B826D7 /* main.cpp */,
				D7A33C312276E54E00B58EEF /* 01-README.md */,
			);
			path = "LearnOpenGL-01-Window";
			sourceTree = "<group>";
		};
		4BAB8A6E228AF78B00A8D406 /* shader */ = {
			isa = PBXGroup;
			children = (
				4BAB8A6F228AF78B00A8D406 /* shader.vs */,
				4BAB8A70228AF78B00A8D406 /* shader.cpp */,
				4BAB8A71228AF78B00A8D406 /* shader.hpp */,
				4BAB8A72228AF78B00A8D406 /* shader.fs */,
			);
			path = shader;
			sourceTree = "<group>";
		};
		4BAB8A8C228D9DAC00A8D406 /* LearnOpenGL-11-LightingMaps */ = {
			isa = PBXGroup;
			children = (
				4BAB8A95228D9DDF00A8D406 /* shader */,
				4BAB8A94228D9DDF00A8D406 /* 11-README.md */,
				4BAB8A92228D9DDF00A8D406 /* Camera.hpp */,
				4BAB8A93228D9DDF00A8D406 /* Camera.cpp */,
				4BAB8A8D228D9DAC00A8D406 /* main.cpp */,
			);
			path = "LearnOpenGL-11-LightingMaps";
			sourceTree = "<group>";
		};
		4BAB8A95228D9DDF00A8D406 /* shader */ = {
			isa = PBXGroup;
			children = (
				4BAB8A96228D9DDF00A8D406 /* lightShader.vs */,
				4BAB8A9A228D9DDF00A8D406 /* lightShader.fs */,
				4BAB8A97228D9DDF00A8D406 /* shader.vs */,
				4BAB8A9B228D9DDF00A8D406 /* shader.fs */,
				4BAB8A98228D9DDF00A8D406 /* shader.cpp */,
				4BAB8A99228D9DDF00A8D406 /* shader.hpp */,
			);
			path = shader;
			sourceTree = "<group>";
		};
		D7042F03227EBC9F002490C4 /* LearnOpenGL-03-Shader */ = {
			isa = PBXGroup;
			children = (
				D7042F04227EBC9F002490C4 /* main.cpp */,
				4BAB8A67228846A100A8D406 /* 03-README.md */,
				4BAB8A6C2288694B00A8D406 /* shader.hpp */,
				4BAB8A6B2288694B00A8D406 /* shader.cpp */,
				D70AD06C22891F840005854D /* Shader.vs */,
				D70AD06D22891F910005854D /* Shader.fs */,
			);
			path = "LearnOpenGL-03-Shader";
			sourceTree = "<group>";
		};
		D70AD08222893FC10005854D /* LearnOpenGL-04-Texture */ = {
			isa = PBXGroup;
			children = (
				D70AD09A228A56C70005854D /* shader */,
				D70AD099228A56B20005854D /* resources */,
				D70AD089228941F20005854D /* main.cpp */,
				D70AD088228941D10005854D /* 04-README.md */,
			);
			path = "LearnOpenGL-04-Texture";
			sourceTree = "<group>";
		};
		D70AD099228A56B20005854D /* resources */ = {
			isa = PBXGroup;
			children = (
				D70AD0982289A0110005854D /* awesomeface.png */,
				D70AD08C228990360005854D /* container.jpg */,
			);
			path = resources;
			sourceTree = "<group>";
		};
		D70AD09A228A56C70005854D /* shader */ = {
			isa = PBXGroup;
			children = (
				D70AD090228992BF0005854D /* shader.vs */,
				D70AD091228992CC0005854D /* shader.fs */,
				D70AD08E228991EB0005854D /* shader.hpp */,
				D70AD08D228991EB0005854D /* shader.cpp */,
			);
			path = shader;
			sourceTree = "<group>";
		};
		D70AD09B228A56D80005854D /* stb_image */ = {
			isa = PBXGroup;
			children = (
				D70AD08B2289508A0005854D /* stb_image.h */,
				D70AD093228993D00005854D /* stb_imageo.hpp */,
				D70AD092228993D00005854D /* stb_imageo.cpp */,
			);
			path = stb_image;
			sourceTree = "<group>";
		};
		D70AD0A1228A93380005854D /* LearnOpenGL-05-Transform */ = {
			isa = PBXGroup;
			children = (
				D70AD0AA228A9CCC0005854D /* shader */,
				D70AD0A2228A93380005854D /* main.cpp */,
				D70AD0A9228A94510005854D /* 05-README.md */,
			);
			path = "LearnOpenGL-05-Transform";
			sourceTree = "<group>";
		};
		D70AD0AA228A9CCC0005854D /* shader */ = {
			isa = PBXGroup;
			children = (
				D70AD0AD228A9CCC0005854D /* shader.hpp */,
				D70AD0AC228A9CCC0005854D /* shader.cpp */,
				D70AD0AE228A9CCC0005854D /* shader.fs */,
				D70AD0AB228A9CCC0005854D /* shader.vs */,
			);
			path = shader;
			sourceTree = "<group>";
		};
		D70AD0AF228A9CCC0005854D /* resources */ = {
			isa = PBXGroup;
			children = (
				4BAB8AA3228DA90B00A8D406 /* container2_specular.png */,
				4BAB8AA2228D9FC200A8D406 /* container2.png */,
				D70AD0B0228A9CCC0005854D /* container.jpg */,
				D70AD0B1228A9CCC0005854D /* awesomeface.png */,
			);
			path = resources;
			sourceTree = "<group>";
		};
		D70AD0BA228AAAF60005854D /* LearnOpenGL-06-CoordinateSystems */ = {
			isa = PBXGroup;
			children = (
				4BAB8A6E228AF78B00A8D406 /* shader */,
				D70AD0BB228AAAF60005854D /* main.cpp */,
				4BAB8A74228AFF9F00A8D406 /* 06-README.md */,
			);
			path = "LearnOpenGL-06-CoordinateSystems";
			sourceTree = "<group>";
		};
		D7A33C332276E64200B58EEF /* libs */ = {
			isa = PBXGroup;
			children = (
				D70AD06E228923370005854D /* glad.c */,
			);
			path = libs;
			sourceTree = "<group>";
		};
		D7C1EB31228BB44D000BD697 /* LearnOpenGL-07-Camera */ = {
			isa = PBXGroup;
			children = (
				D7C1EB3C228BB505000BD697 /* shader */,
				D7C1EB32228BB44D000BD697 /* main.cpp */,
				D7C1EB3B228BB505000BD697 /* 07-README.md */,
				D7C1EB42228BFC32000BD697 /* Camera.cpp */,
				D7C1EB43228BFC32000BD697 /* Camera.hpp */,
			);
			path = "LearnOpenGL-07-Camera";
			sourceTree = "<group>";
		};
		D7C1EB3C228BB505000BD697 /* shader */ = {
			isa = PBXGroup;
			children = (
				D7C1EB3D228BB505000BD697 /* shader.vs */,
				D7C1EB3E228BB505000BD697 /* shader.cpp */,
				D7C1EB3F228BB505000BD697 /* shader.hpp */,
				D7C1EB40228BB505000BD697 /* shader.fs */,
			);
			path = shader;
			sourceTree = "<group>";
		};
		D7C1EB52228C1BBE000BD697 /* LearnOpenGL-08-Colors */ = {
			isa = PBXGroup;
			children = (
				4BAB8A85228C4BAB00A8D406 /* Camera.cpp */,
				4BAB8A84228C4BAB00A8D406 /* Camera.hpp */,
				D7C1EB53228C1BBE000BD697 /* shader */,
				D7C1EB58228C1BBE000BD697 /* main.cpp */,
				D7C1EB67228D0458000BD697 /* 08-README.md */,
			);
			path = "LearnOpenGL-08-Colors";
			sourceTree = "<group>";
		};
		D7C1EB53228C1BBE000BD697 /* shader */ = {
			isa = PBXGroup;
			children = (
				D7C1EB56228C1BBE000BD697 /* shader.hpp */,
				D7C1EB55228C1BBE000BD697 /* shader.cpp */,
				D7C1EB54228C1BBE000BD697 /* shader.vs */,
				D7C1EB57228C1BBE000BD697 /* shader.fs */,
				D7C1EB5B228C1D3B000BD697 /* lightShader.fs */,
				D7C1EB5C228C1DE3000BD697 /* lightShader.vs */,
			);
			path = shader;
			sourceTree = "<group>";
		};
		D7C1EB6D228D1406000BD697 /* LearnOpenGL-09-BasicLighting */ = {
			isa = PBXGroup;
			children = (
				D7C1EB80228D149E000BD697 /* Camera.cpp */,
				D7C1EB7F228D149E000BD697 /* Camera.hpp */,
				D7C1EB78228D149E000BD697 /* shader */,
				D7C1EB77228D149E000BD697 /* 09-README.md */,
				D7C1EB6E228D1406000BD697 /* main.cpp */,
			);
			path = "LearnOpenGL-09-BasicLighting";
			sourceTree = "<group>";
		};
		D7C1EB78228D149E000BD697 /* shader */ = {
			isa = PBXGroup;
			children = (
				D7C1EB79228D149E000BD697 /* lightShader.vs */,
				D7C1EB7D228D149E000BD697 /* lightShader.fs */,
				D7C1EB7A228D149E000BD697 /* shader.vs */,
				D7C1EB7E228D149E000BD697 /* shader.fs */,
				D7C1EB7B228D149E000BD697 /* shader.cpp */,
				D7C1EB7C228D149E000BD697 /* shader.hpp */,
			);
			path = shader;
			sourceTree = "<group>";
		};
		D7C1EB88228D5104000BD697 /* LearnOpenGL-10-Materials */ = {
			isa = PBXGroup;
			children = (
				D7C1EB91228D51AA000BD697 /* 10-README.md */,
				D7C1EB92228D51AA000BD697 /* Camera.cpp */,
				D7C1EB90228D51AA000BD697 /* Camera.hpp */,
				D7C1EB93228D51AA000BD697 /* shader */,
				D7C1EB89228D5104000BD697 /* main.cpp */,
			);
			path = "LearnOpenGL-10-Materials";
			sourceTree = "<group>";
		};
		D7C1EB93228D51AA000BD697 /* shader */ = {
			isa = PBXGroup;
			children = (
				D7C1EB98228D51AA000BD697 /* lightShader.fs */,
				D7C1EB94228D51AA000BD697 /* lightShader.vs */,
				D7C1EB96228D51AA000BD697 /* shader.cpp */,
				D7C1EB97228D51AA000BD697 /* shader.hpp */,
				D7C1EB99228D51AA000BD697 /* shader.fs */,
				D7C1EB95228D51AA000BD697 /* shader.vs */,
			);
			path = shader;
			sourceTree = "<group>";
		};
/* End PBXGroup section */

/* Begin PBXNativeTarget section */
		4B50D9E52275F6E100B826D7 /* LearnOpenGL-02-三角形 */ = {
			isa = PBXNativeTarget;
			buildConfigurationList = 4B50D9EA2275F6E100B826D7 /* Build configuration list for PBXNativeTarget "LearnOpenGL-02-三角形" */;
			buildPhases = (
				4B50D9E22275F6E100B826D7 /* Sources */,
				4B50D9E32275F6E100B826D7 /* Frameworks */,
				4B50D9E42275F6E100B826D7 /* CopyFiles */,
			);
			buildRules = (
			);
			dependencies = (
			);
			name = "LearnOpenGL-02-三角形";
			productName = "LearnOpenGL-02-三角形";
			productReference = 4B50D9E62275F6E100B826D7 /* LearnOpenGL-02-三角形 */;
			productType = "com.apple.product-type.tool";
		};
		4B50D9F02275F7EA00B826D7 /* LearnOpenGL-01-窗口 */ = {
			isa = PBXNativeTarget;
			buildConfigurationList = 4B50D9F52275F7EA00B826D7 /* Build configuration list for PBXNativeTarget "LearnOpenGL-01-窗口" */;
			buildPhases = (
				4B50D9ED2275F7EA00B826D7 /* Sources */,
				4B50D9EE2275F7EA00B826D7 /* Frameworks */,
				4B50D9EF2275F7EA00B826D7 /* CopyFiles */,
			);
			buildRules = (
			);
			dependencies = (
			);
			name = "LearnOpenGL-01-窗口";
			productName = "LearnOpenGL-01-窗口";
			productReference = 4B50D9F12275F7EA00B826D7 /* LearnOpenGL-01-窗口 */;
			productType = "com.apple.product-type.tool";
		};
		4BAB8A8A228D9DAC00A8D406 /* LearnOpenGL-11-LightingMaps */ = {
			isa = PBXNativeTarget;
			buildConfigurationList = 4BAB8A91228D9DAC00A8D406 /* Build configuration list for PBXNativeTarget "LearnOpenGL-11-LightingMaps" */;
			buildPhases = (
				4BAB8A87228D9DAC00A8D406 /* Sources */,
				4BAB8A88228D9DAC00A8D406 /* Frameworks */,
				4BAB8A89228D9DAC00A8D406 /* CopyFiles */,
			);
			buildRules = (
			);
			dependencies = (
			);
			name = "LearnOpenGL-11-LightingMaps";
			productName = "LearnOpenGL-11-LightingMaps";
			productReference = 4BAB8A8B228D9DAC00A8D406 /* LearnOpenGL-11-LightingMaps */;
			productType = "com.apple.product-type.tool";
		};
		D7042F01227EBC9F002490C4 /* LearnOpenGL-03-Shader */ = {
			isa = PBXNativeTarget;
			buildConfigurationList = D7042F08227EBC9F002490C4 /* Build configuration list for PBXNativeTarget "LearnOpenGL-03-Shader" */;
			buildPhases = (
				D7042EFE227EBC9F002490C4 /* Sources */,
				D7042EFF227EBC9F002490C4 /* Frameworks */,
				D7042F00227EBC9F002490C4 /* CopyFiles */,
			);
			buildRules = (
			);
			dependencies = (
			);
			name = "LearnOpenGL-03-Shader";
			productName = "LearnOpenGL-03-Shader";
			productReference = D7042F02227EBC9F002490C4 /* LearnOpenGL-03-Shader */;
			productType = "com.apple.product-type.tool";
		};
		D70AD08022893FC00005854D /* LearnOpenGL-04-Texture */ = {
			isa = PBXNativeTarget;
			buildConfigurationList = D70AD08522893FC10005854D /* Build configuration list for PBXNativeTarget "LearnOpenGL-04-Texture" */;
			buildPhases = (
				D70AD07D22893FC00005854D /* Sources */,
				D70AD07E22893FC00005854D /* Frameworks */,
				D70AD07F22893FC00005854D /* CopyFiles */,
			);
			buildRules = (
			);
			dependencies = (
			);
			name = "LearnOpenGL-04-Texture";
			productName = "LearnOpenGL-04-Texture";
			productReference = D70AD08122893FC00005854D /* LearnOpenGL-04-Texture */;
			productType = "com.apple.product-type.tool";
		};
		D70AD09F228A93380005854D /* LearnOpenGL-05-Transform */ = {
			isa = PBXNativeTarget;
			buildConfigurationList = D70AD0A4228A93380005854D /* Build configuration list for PBXNativeTarget "LearnOpenGL-05-Transform" */;
			buildPhases = (
				D70AD09C228A93380005854D /* Sources */,
				D70AD09D228A93380005854D /* Frameworks */,
				D70AD09E228A93380005854D /* CopyFiles */,
			);
			buildRules = (
			);
			dependencies = (
			);
			name = "LearnOpenGL-05-Transform";
			productName = "LearnOpenGL-05-Transform";
			productReference = D70AD0A0228A93380005854D /* LearnOpenGL-05-Transform */;
			productType = "com.apple.product-type.tool";
		};
		D70AD0B8228AAAF60005854D /* LearnOpenGL-06-CoordinateSystems */ = {
			isa = PBXNativeTarget;
			buildConfigurationList = D70AD0BD228AAAF60005854D /* Build configuration list for PBXNativeTarget "LearnOpenGL-06-CoordinateSystems" */;
			buildPhases = (
				D70AD0B5228AAAF60005854D /* Sources */,
				D70AD0B6228AAAF60005854D /* Frameworks */,
				D70AD0B7228AAAF60005854D /* CopyFiles */,
			);
			buildRules = (
			);
			dependencies = (
			);
			name = "LearnOpenGL-06-CoordinateSystems";
			productName = "LearnOpenGL-06-CoordinateSystems";
			productReference = D70AD0B9228AAAF60005854D /* LearnOpenGL-06-CoordinateSystems */;
			productType = "com.apple.product-type.tool";
		};
		D7C1EB2F228BB44D000BD697 /* LearnOpenGL-07-Camera */ = {
			isa = PBXNativeTarget;
			buildConfigurationList = D7C1EB36228BB44D000BD697 /* Build configuration list for PBXNativeTarget "LearnOpenGL-07-Camera" */;
			buildPhases = (
				D7C1EB2C228BB44D000BD697 /* Sources */,
				D7C1EB2D228BB44D000BD697 /* Frameworks */,
				D7C1EB2E228BB44D000BD697 /* CopyFiles */,
			);
			buildRules = (
			);
			dependencies = (
			);
			name = "LearnOpenGL-07-Camera";
			productName = "LearnOpenGL-07-Camera";
			productReference = D7C1EB30228BB44D000BD697 /* LearnOpenGL-07-Camera */;
			productType = "com.apple.product-type.tool";
		};
		D7C1EB48228C1AEE000BD697 /* LearnOpenGL_08-Colors */ = {
			isa = PBXNativeTarget;
			buildConfigurationList = D7C1EB4D228C1AEE000BD697 /* Build configuration list for PBXNativeTarget "LearnOpenGL_08-Colors" */;
			buildPhases = (
				D7C1EB45228C1AEE000BD697 /* Sources */,
				D7C1EB46228C1AEE000BD697 /* Frameworks */,
				D7C1EB47228C1AEE000BD697 /* CopyFiles */,
			);
			buildRules = (
			);
			dependencies = (
			);
			name = "LearnOpenGL_08-Colors";
			productName = "LearnOpenGL_08-Colors";
			productReference = D7C1EB49228C1AEE000BD697 /* LearnOpenGL_08-Colors */;
			productType = "com.apple.product-type.tool";
		};
		D7C1EB6B228D1406000BD697 /* LearnOpenGL-09-BasicLighting */ = {
			isa = PBXNativeTarget;
			buildConfigurationList = D7C1EB70228D1406000BD697 /* Build configuration list for PBXNativeTarget "LearnOpenGL-09-BasicLighting" */;
			buildPhases = (
				D7C1EB68228D1406000BD697 /* Sources */,
				D7C1EB69228D1406000BD697 /* Frameworks */,
				D7C1EB6A228D1406000BD697 /* CopyFiles */,
			);
			buildRules = (
			);
			dependencies = (
			);
			name = "LearnOpenGL-09-BasicLighting";
			productName = "LearnOpenGL-09-BasicLighting";
			productReference = D7C1EB6C228D1406000BD697 /* LearnOpenGL-09-BasicLighting */;
			productType = "com.apple.product-type.tool";
		};
		D7C1EB86228D5104000BD697 /* LearnOpenGL-10-Materials */ = {
			isa = PBXNativeTarget;
			buildConfigurationList = D7C1EB8B228D5104000BD697 /* Build configuration list for PBXNativeTarget "LearnOpenGL-10-Materials" */;
			buildPhases = (
				D7C1EB83228D5104000BD697 /* Sources */,
				D7C1EB84228D5104000BD697 /* Frameworks */,
				D7C1EB85228D5104000BD697 /* CopyFiles */,
			);
			buildRules = (
			);
			dependencies = (
			);
			name = "LearnOpenGL-10-Materials";
			productName = "LearnOpenGL-10-Materials";
			productReference = D7C1EB87228D5104000BD697 /* LearnOpenGL-10-Materials */;
			productType = "com.apple.product-type.tool";
		};
/* End PBXNativeTarget section */

/* Begin PBXProject section */
		4B50D9C92275DC2500B826D7 /* Project object */ = {
			isa = PBXProject;
			attributes = {
				LastUpgradeCheck = 1020;
				ORGANIZATIONNAME = KK;
				TargetAttributes = {
					4B50D9E52275F6E100B826D7 = {
						CreatedOnToolsVersion = 10.2.1;
					};
					4B50D9F02275F7EA00B826D7 = {
						CreatedOnToolsVersion = 10.2.1;
					};
					4BAB8A8A228D9DAC00A8D406 = {
						CreatedOnToolsVersion = 10.2.1;
					};
					D7042F01227EBC9F002490C4 = {
						CreatedOnToolsVersion = 10.2.1;
					};
					D70AD08022893FC00005854D = {
						CreatedOnToolsVersion = 10.2.1;
					};
					D70AD09F228A93380005854D = {
						CreatedOnToolsVersion = 10.2.1;
					};
					D70AD0B8228AAAF60005854D = {
						CreatedOnToolsVersion = 10.2.1;
					};
					D7C1EB2F228BB44D000BD697 = {
						CreatedOnToolsVersion = 10.2.1;
					};
					D7C1EB48228C1AEE000BD697 = {
						CreatedOnToolsVersion = 10.2.1;
					};
					D7C1EB6B228D1406000BD697 = {
						CreatedOnToolsVersion = 10.2.1;
					};
					D7C1EB86228D5104000BD697 = {
						CreatedOnToolsVersion = 10.2.1;
					};
				};
			};
			buildConfigurationList = 4B50D9CC2275DC2500B826D7 /* Build configuration list for PBXProject "LearnOpenGL" */;
			compatibilityVersion = "Xcode 9.3";
			developmentRegion = en;
			hasScannedForEncodings = 0;
			knownRegions = (
				en,
			);
			mainGroup = 4B50D9C82275DC2500B826D7;
			productRefGroup = 4B50D9D22275DC2500B826D7 /* Products */;
			projectDirPath = "";
			projectRoot = "";
			targets = (
				4B50D9F02275F7EA00B826D7 /* LearnOpenGL-01-窗口 */,
				4B50D9E52275F6E100B826D7 /* LearnOpenGL-02-三角形 */,
				D7042F01227EBC9F002490C4 /* LearnOpenGL-03-Shader */,
				D70AD08022893FC00005854D /* LearnOpenGL-04-Texture */,
				D70AD09F228A93380005854D /* LearnOpenGL-05-Transform */,
				D70AD0B8228AAAF60005854D /* LearnOpenGL-06-CoordinateSystems */,
				D7C1EB2F228BB44D000BD697 /* LearnOpenGL-07-Camera */,
				D7C1EB48228C1AEE000BD697 /* LearnOpenGL_08-Colors */,
				D7C1EB6B228D1406000BD697 /* LearnOpenGL-09-BasicLighting */,
				D7C1EB86228D5104000BD697 /* LearnOpenGL-10-Materials */,
				4BAB8A8A228D9DAC00A8D406 /* LearnOpenGL-11-LightingMaps */,
			);
		};
/* End PBXProject section */

/* Begin PBXSourcesBuildPhase section */
		4B50D9E22275F6E100B826D7 /* Sources */ = {
			isa = PBXSourcesBuildPhase;
			buildActionMask = 2147483647;
			files = (
				4B50D9E92275F6E100B826D7 /* main.cpp in Sources */,
				D70AD070228923370005854D /* glad.c in Sources */,
			);
			runOnlyForDeploymentPostprocessing = 0;
		};
		4B50D9ED2275F7EA00B826D7 /* Sources */ = {
			isa = PBXSourcesBuildPhase;
			buildActionMask = 2147483647;
			files = (
				4B50D9FF2275F98500B826D7 /* main.cpp in Sources */,
				D70AD06F228923370005854D /* glad.c in Sources */,
			);
			runOnlyForDeploymentPostprocessing = 0;
		};
		4BAB8A87228D9DAC00A8D406 /* Sources */ = {
			isa = PBXSourcesBuildPhase;
			buildActionMask = 2147483647;
			files = (
				4BAB8AA1228D9E4A00A8D406 /* glad.c in Sources */,
				4BAB8A9D228D9DDF00A8D406 /* shader.cpp in Sources */,
				4BAB8AA0228D9E4600A8D406 /* stb_imageo.cpp in Sources */,
				4BAB8A9C228D9DDF00A8D406 /* Camera.cpp in Sources */,
				4BAB8A8E228D9DAC00A8D406 /* main.cpp in Sources */,
			);
			runOnlyForDeploymentPostprocessing = 0;
		};
		D7042EFE227EBC9F002490C4 /* Sources */ = {
			isa = PBXSourcesBuildPhase;
			buildActionMask = 2147483647;
			files = (
				4BAB8A6D2288694B00A8D406 /* shader.cpp in Sources */,
				D7042F05227EBC9F002490C4 /* main.cpp in Sources */,
				D70AD071228923370005854D /* glad.c in Sources */,
			);
			runOnlyForDeploymentPostprocessing = 0;
		};
		D70AD07D22893FC00005854D /* Sources */ = {
			isa = PBXSourcesBuildPhase;
			buildActionMask = 2147483647;
			files = (
				D70AD08F228991EB0005854D /* shader.cpp in Sources */,
				D70AD094228993D00005854D /* stb_imageo.cpp in Sources */,
				D70AD08A228941F20005854D /* main.cpp in Sources */,
				D70AD097228999700005854D /* glad.c in Sources */,
			);
			runOnlyForDeploymentPostprocessing = 0;
		};
		D70AD09C228A93380005854D /* Sources */ = {
			isa = PBXSourcesBuildPhase;
			buildActionMask = 2147483647;
			files = (
				D70AD0B2228A9CCC0005854D /* shader.cpp in Sources */,
				D70AD0B4228A9D390005854D /* stb_imageo.cpp in Sources */,
				D70AD0A3228A93380005854D /* main.cpp in Sources */,
				D70AD0B3228A9D180005854D /* glad.c in Sources */,
			);
			runOnlyForDeploymentPostprocessing = 0;
		};
		D70AD0B5228AAAF60005854D /* Sources */ = {
			isa = PBXSourcesBuildPhase;
			buildActionMask = 2147483647;
			files = (
				D70AD0BC228AAAF60005854D /* main.cpp in Sources */,
				D70AD0C0228AAB1F0005854D /* stb_imageo.cpp in Sources */,
				4BAB8A73228AF78B00A8D406 /* shader.cpp in Sources */,
				D70AD0C1228AAB240005854D /* glad.c in Sources */,
			);
			runOnlyForDeploymentPostprocessing = 0;
		};
		D7C1EB2C228BB44D000BD697 /* Sources */ = {
			isa = PBXSourcesBuildPhase;
			buildActionMask = 2147483647;
			files = (
				D7C1EB33228BB44D000BD697 /* main.cpp in Sources */,
				D7C1EB37228BB45A000BD697 /* stb_imageo.cpp in Sources */,
				D7C1EB44228BFC32000BD697 /* Camera.cpp in Sources */,
				D7C1EB41228BB505000BD697 /* shader.cpp in Sources */,
				D7C1EB38228BB45F000BD697 /* glad.c in Sources */,
			);
			runOnlyForDeploymentPostprocessing = 0;
		};
		D7C1EB45228C1AEE000BD697 /* Sources */ = {
			isa = PBXSourcesBuildPhase;
			buildActionMask = 2147483647;
			files = (
				D7C1EB5A228C1BBE000BD697 /* main.cpp in Sources */,
				D7C1EB5D228C1F76000BD697 /* stb_imageo.cpp in Sources */,
				4BAB8A86228C4BAB00A8D406 /* Camera.cpp in Sources */,
				D7C1EB59228C1BBE000BD697 /* shader.cpp in Sources */,
				D7C1EB5E228C1F79000BD697 /* glad.c in Sources */,
			);
			runOnlyForDeploymentPostprocessing = 0;
		};
		D7C1EB68228D1406000BD697 /* Sources */ = {
			isa = PBXSourcesBuildPhase;
			buildActionMask = 2147483647;
			files = (
				D7C1EB6F228D1406000BD697 /* main.cpp in Sources */,
				D7C1EB76228D146E000BD697 /* stb_imageo.cpp in Sources */,
				D7C1EB82228D149E000BD697 /* Camera.cpp in Sources */,
				D7C1EB81228D149E000BD697 /* shader.cpp in Sources */,
				D7C1EB75228D1469000BD697 /* glad.c in Sources */,
			);
			runOnlyForDeploymentPostprocessing = 0;
		};
		D7C1EB83228D5104000BD697 /* Sources */ = {
			isa = PBXSourcesBuildPhase;
			buildActionMask = 2147483647;
			files = (
				D7C1EB9D228D51B7000BD697 /* glad.c in Sources */,
				D7C1EB9B228D51AA000BD697 /* shader.cpp in Sources */,
				D7C1EB9C228D51B2000BD697 /* stb_imageo.cpp in Sources */,
				D7C1EB9A228D51AA000BD697 /* Camera.cpp in Sources */,
				D7C1EB8A228D5104000BD697 /* main.cpp in Sources */,
			);
			runOnlyForDeploymentPostprocessing = 0;
		};
/* End PBXSourcesBuildPhase section */

/* Begin XCBuildConfiguration section */
		4B50D9D62275DC2500B826D7 /* Debug */ = {
			isa = XCBuildConfiguration;
			buildSettings = {
				ALWAYS_SEARCH_USER_PATHS = NO;
				CLANG_ANALYZER_NONNULL = YES;
				CLANG_ANALYZER_NUMBER_OBJECT_CONVERSION = YES_AGGRESSIVE;
				CLANG_CXX_LANGUAGE_STANDARD = "gnu++14";
				CLANG_CXX_LIBRARY = "libc++";
				CLANG_ENABLE_MODULES = YES;
				CLANG_ENABLE_OBJC_ARC = YES;
				CLANG_ENABLE_OBJC_WEAK = YES;
				CLANG_WARN_BLOCK_CAPTURE_AUTORELEASING = YES;
				CLANG_WARN_BOOL_CONVERSION = YES;
				CLANG_WARN_COMMA = YES;
				CLANG_WARN_CONSTANT_CONVERSION = YES;
				CLANG_WARN_DEPRECATED_OBJC_IMPLEMENTATIONS = YES;
				CLANG_WARN_DIRECT_OBJC_ISA_USAGE = YES_ERROR;
				CLANG_WARN_DOCUMENTATION_COMMENTS = YES;
				CLANG_WARN_EMPTY_BODY = YES;
				CLANG_WARN_ENUM_CONVERSION = YES;
				CLANG_WARN_INFINITE_RECURSION = YES;
				CLANG_WARN_INT_CONVERSION = YES;
				CLANG_WARN_NON_LITERAL_NULL_CONVERSION = YES;
				CLANG_WARN_OBJC_IMPLICIT_RETAIN_SELF = YES;
				CLANG_WARN_OBJC_LITERAL_CONVERSION = YES;
				CLANG_WARN_OBJC_ROOT_CLASS = YES_ERROR;
				CLANG_WARN_RANGE_LOOP_ANALYSIS = YES;
				CLANG_WARN_STRICT_PROTOTYPES = YES;
				CLANG_WARN_SUSPICIOUS_MOVE = YES;
				CLANG_WARN_UNGUARDED_AVAILABILITY = YES_AGGRESSIVE;
				CLANG_WARN_UNREACHABLE_CODE = YES;
				CLANG_WARN__DUPLICATE_METHOD_MATCH = YES;
				CODE_SIGN_IDENTITY = "Mac Developer";
				COPY_PHASE_STRIP = NO;
				DEBUG_INFORMATION_FORMAT = dwarf;
				ENABLE_STRICT_OBJC_MSGSEND = YES;
				ENABLE_TESTABILITY = YES;
				GCC_C_LANGUAGE_STANDARD = gnu11;
				GCC_DYNAMIC_NO_PIC = NO;
				GCC_NO_COMMON_BLOCKS = YES;
				GCC_OPTIMIZATION_LEVEL = 0;
				GCC_PREPROCESSOR_DEFINITIONS = (
					"DEBUG=1",
					"$(inherited)",
				);
				GCC_WARN_64_TO_32_BIT_CONVERSION = YES;
				GCC_WARN_ABOUT_RETURN_TYPE = YES_ERROR;
				GCC_WARN_UNDECLARED_SELECTOR = YES;
				GCC_WARN_UNINITIALIZED_AUTOS = YES_AGGRESSIVE;
				GCC_WARN_UNUSED_FUNCTION = YES;
				GCC_WARN_UNUSED_VARIABLE = YES;
				MACOSX_DEPLOYMENT_TARGET = 10.14;
				MTL_ENABLE_DEBUG_INFO = INCLUDE_SOURCE;
				MTL_FAST_MATH = YES;
				ONLY_ACTIVE_ARCH = YES;
				SDKROOT = macosx;
			};
			name = Debug;
		};
		4B50D9D72275DC2500B826D7 /* Release */ = {
			isa = XCBuildConfiguration;
			buildSettings = {
				ALWAYS_SEARCH_USER_PATHS = NO;
				CLANG_ANALYZER_NONNULL = YES;
				CLANG_ANALYZER_NUMBER_OBJECT_CONVERSION = YES_AGGRESSIVE;
				CLANG_CXX_LANGUAGE_STANDARD = "gnu++14";
				CLANG_CXX_LIBRARY = "libc++";
				CLANG_ENABLE_MODULES = YES;
				CLANG_ENABLE_OBJC_ARC = YES;
				CLANG_ENABLE_OBJC_WEAK = YES;
				CLANG_WARN_BLOCK_CAPTURE_AUTORELEASING = YES;
				CLANG_WARN_BOOL_CONVERSION = YES;
				CLANG_WARN_COMMA = YES;
				CLANG_WARN_CONSTANT_CONVERSION = YES;
				CLANG_WARN_DEPRECATED_OBJC_IMPLEMENTATIONS = YES;
				CLANG_WARN_DIRECT_OBJC_ISA_USAGE = YES_ERROR;
				CLANG_WARN_DOCUMENTATION_COMMENTS = YES;
				CLANG_WARN_EMPTY_BODY = YES;
				CLANG_WARN_ENUM_CONVERSION = YES;
				CLANG_WARN_INFINITE_RECURSION = YES;
				CLANG_WARN_INT_CONVERSION = YES;
				CLANG_WARN_NON_LITERAL_NULL_CONVERSION = YES;
				CLANG_WARN_OBJC_IMPLICIT_RETAIN_SELF = YES;
				CLANG_WARN_OBJC_LITERAL_CONVERSION = YES;
				CLANG_WARN_OBJC_ROOT_CLASS = YES_ERROR;
				CLANG_WARN_RANGE_LOOP_ANALYSIS = YES;
				CLANG_WARN_STRICT_PROTOTYPES = YES;
				CLANG_WARN_SUSPICIOUS_MOVE = YES;
				CLANG_WARN_UNGUARDED_AVAILABILITY = YES_AGGRESSIVE;
				CLANG_WARN_UNREACHABLE_CODE = YES;
				CLANG_WARN__DUPLICATE_METHOD_MATCH = YES;
				CODE_SIGN_IDENTITY = "Mac Developer";
				COPY_PHASE_STRIP = NO;
				DEBUG_INFORMATION_FORMAT = "dwarf-with-dsym";
				ENABLE_NS_ASSERTIONS = NO;
				ENABLE_STRICT_OBJC_MSGSEND = YES;
				GCC_C_LANGUAGE_STANDARD = gnu11;
				GCC_NO_COMMON_BLOCKS = YES;
				GCC_WARN_64_TO_32_BIT_CONVERSION = YES;
				GCC_WARN_ABOUT_RETURN_TYPE = YES_ERROR;
				GCC_WARN_UNDECLARED_SELECTOR = YES;
				GCC_WARN_UNINITIALIZED_AUTOS = YES_AGGRESSIVE;
				GCC_WARN_UNUSED_FUNCTION = YES;
				GCC_WARN_UNUSED_VARIABLE = YES;
				MACOSX_DEPLOYMENT_TARGET = 10.14;
				MTL_ENABLE_DEBUG_INFO = NO;
				MTL_FAST_MATH = YES;
				SDKROOT = macosx;
			};
			name = Release;
		};
		4B50D9EB2275F6E100B826D7 /* Debug */ = {
			isa = XCBuildConfiguration;
			buildSettings = {
				CODE_SIGN_STYLE = Automatic;
				DEVELOPMENT_TEAM = HA5G797698;
				HEADER_SEARCH_PATHS = (
					"$(glfw_header)",
					/usr/local/include,
				);
				LIBRARY_SEARCH_PATHS = (
					"$(inherited)",
					"$(PROJECT_DIR)",
					/usr/local/Cellar/glfw/3.3/lib,
				);
				PRODUCT_NAME = "$(TARGET_NAME)";
				WARNING_CFLAGS = "-Wno-documentation";
			};
			name = Debug;
		};
		4B50D9EC2275F6E100B826D7 /* Release */ = {
			isa = XCBuildConfiguration;
			buildSettings = {
				CODE_SIGN_STYLE = Automatic;
				DEVELOPMENT_TEAM = HA5G797698;
				HEADER_SEARCH_PATHS = (
					"$(glfw_header)",
					/usr/local/include,
				);
				LIBRARY_SEARCH_PATHS = (
					"$(inherited)",
					"$(PROJECT_DIR)",
					/usr/local/Cellar/glfw/3.3/lib,
				);
				PRODUCT_NAME = "$(TARGET_NAME)";
				WARNING_CFLAGS = "-Wno-documentation";
			};
			name = Release;
		};
		4B50D9F62275F7EA00B826D7 /* Debug */ = {
			isa = XCBuildConfiguration;
			buildSettings = {
				CODE_SIGN_STYLE = Automatic;
				DEVELOPMENT_TEAM = HA5G797698;
				HEADER_SEARCH_PATHS = (
					"$(glfw_header)",
					/usr/local/include,
				);
				LIBRARY_SEARCH_PATHS = (
					"$(glfw_lib)",
					"$(PROJECT_DIR)",
					/usr/local/Cellar/glfw/3.3/lib,
				);
				PRODUCT_NAME = "$(TARGET_NAME)";
				WARNING_CFLAGS = "-Wno-documentation";
			};
			name = Debug;
		};
		4B50D9F72275F7EA00B826D7 /* Release */ = {
			isa = XCBuildConfiguration;
			buildSettings = {
				CODE_SIGN_STYLE = Automatic;
				DEVELOPMENT_TEAM = HA5G797698;
				HEADER_SEARCH_PATHS = (
					"$(glfw_header)",
					/usr/local/include,
				);
				LIBRARY_SEARCH_PATHS = (
					"$(glfw_lib)",
					"$(PROJECT_DIR)",
					/usr/local/Cellar/glfw/3.3/lib,
				);
				PRODUCT_NAME = "$(TARGET_NAME)";
				WARNING_CFLAGS = "-Wno-documentation";
			};
			name = Release;
		};
		4BAB8A8F228D9DAC00A8D406 /* Debug */ = {
			isa = XCBuildConfiguration;
			buildSettings = {
				CODE_SIGN_STYLE = Automatic;
				DEVELOPMENT_TEAM = HA5G797698;
				HEADER_SEARCH_PATHS = (
					/usr/local/Cellar/glm/0.9.9.5/include,
					/usr/local/include,
					"$(glfw_header)",
				);
				LIBRARY_SEARCH_PATHS = (
					"$(inherited)",
					/usr/local/Cellar/glfw/3.3/lib,
				);
				PRODUCT_NAME = "$(TARGET_NAME)";
				WARNING_CFLAGS = "-Wno-documentation";
			};
			name = Debug;
		};
		4BAB8A90228D9DAC00A8D406 /* Release */ = {
			isa = XCBuildConfiguration;
			buildSettings = {
				CODE_SIGN_STYLE = Automatic;
				DEVELOPMENT_TEAM = HA5G797698;
				HEADER_SEARCH_PATHS = (
					/usr/local/Cellar/glm/0.9.9.5/include,
					/usr/local/include,
					"$(glfw_header)",
				);
				LIBRARY_SEARCH_PATHS = (
					"$(inherited)",
					/usr/local/Cellar/glfw/3.3/lib,
				);
				PRODUCT_NAME = "$(TARGET_NAME)";
				WARNING_CFLAGS = "-Wno-documentation";
			};
			name = Release;
		};
		D7042F06227EBC9F002490C4 /* Debug */ = {
			isa = XCBuildConfiguration;
			buildSettings = {
				CODE_SIGN_STYLE = Automatic;
				DEVELOPMENT_TEAM = M6DX88HX28;
				GCC_INPUT_FILETYPE = sourcecode.cpp.objcpp;
				HEADER_SEARCH_PATHS = (
					"$(glfw_header)",
					/usr/local/include,
				);
				LIBRARY_SEARCH_PATHS = (
					"$(inherited)",
					/usr/local/Cellar/glfw/3.3/lib,
					"$(PROJECT_DIR)",
				);
				PRODUCT_NAME = "$(TARGET_NAME)";
				WARNING_CFLAGS = "-Wno-documentation";
			};
			name = Debug;
		};
		D7042F07227EBC9F002490C4 /* Release */ = {
			isa = XCBuildConfiguration;
			buildSettings = {
				CODE_SIGN_STYLE = Automatic;
				DEVELOPMENT_TEAM = M6DX88HX28;
				GCC_INPUT_FILETYPE = sourcecode.cpp.objcpp;
				HEADER_SEARCH_PATHS = (
					"$(glfw_header)",
					/usr/local/include,
				);
				LIBRARY_SEARCH_PATHS = (
					"$(inherited)",
					/usr/local/Cellar/glfw/3.3/lib,
					"$(PROJECT_DIR)",
				);
				PRODUCT_NAME = "$(TARGET_NAME)";
				WARNING_CFLAGS = "-Wno-documentation";
			};
			name = Release;
		};
		D70AD08622893FC10005854D /* Debug */ = {
			isa = XCBuildConfiguration;
			buildSettings = {
				CODE_SIGN_STYLE = Automatic;
				DEVELOPMENT_TEAM = M6DX88HX28;
				HEADER_SEARCH_PATHS = (
					/usr/local/include,
					"$(glfw_header)",
				);
				LIBRARY_SEARCH_PATHS = (
					"$(inherited)",
					/usr/local/Cellar/glfw/3.3/lib,
					"$(PROJECT_DIR)",
				);
				PRODUCT_NAME = "$(TARGET_NAME)";
				WARNING_CFLAGS = "-Wno-documentation";
			};
			name = Debug;
		};
		D70AD08722893FC10005854D /* Release */ = {
			isa = XCBuildConfiguration;
			buildSettings = {
				CODE_SIGN_STYLE = Automatic;
				DEVELOPMENT_TEAM = M6DX88HX28;
				HEADER_SEARCH_PATHS = (
					/usr/local/include,
					"$(glfw_header)",
				);
				LIBRARY_SEARCH_PATHS = (
					"$(inherited)",
					/usr/local/Cellar/glfw/3.3/lib,
					"$(PROJECT_DIR)",
				);
				PRODUCT_NAME = "$(TARGET_NAME)";
				WARNING_CFLAGS = "-Wno-documentation";
			};
			name = Release;
		};
		D70AD0A5228A93380005854D /* Debug */ = {
			isa = XCBuildConfiguration;
			buildSettings = {
				CODE_SIGN_STYLE = Automatic;
				DEVELOPMENT_TEAM = HA5G797698;
				HEADER_SEARCH_PATHS = (
					/usr/local/include,
					"$(glfw_header)",
					/usr/local/Cellar/glm/0.9.9.5/include,
				);
				LIBRARY_SEARCH_PATHS = (
					"$(inherited)",
					/usr/local/Cellar/glfw/3.3/lib,
				);
				PRODUCT_NAME = "$(TARGET_NAME)";
				WARNING_CFLAGS = "-Wno-documentation";
			};
			name = Debug;
		};
		D70AD0A6228A93380005854D /* Release */ = {
			isa = XCBuildConfiguration;
			buildSettings = {
				CODE_SIGN_STYLE = Automatic;
				DEVELOPMENT_TEAM = HA5G797698;
				HEADER_SEARCH_PATHS = (
					/usr/local/include,
					"$(glfw_header)",
					/usr/local/Cellar/glm/0.9.9.5/include,
				);
				LIBRARY_SEARCH_PATHS = (
					"$(inherited)",
					/usr/local/Cellar/glfw/3.3/lib,
				);
				PRODUCT_NAME = "$(TARGET_NAME)";
				WARNING_CFLAGS = "-Wno-documentation";
			};
			name = Release;
		};
		D70AD0BE228AAAF60005854D /* Debug */ = {
			isa = XCBuildConfiguration;
			buildSettings = {
				CODE_SIGN_STYLE = Automatic;
				DEVELOPMENT_TEAM = HA5G797698;
				HEADER_SEARCH_PATHS = (
					/usr/local/Cellar/glm/0.9.9.5/include,
					/usr/local/include,
					"$(glfw_header)",
				);
				LIBRARY_SEARCH_PATHS = (
					"$(inherited)",
					/usr/local/Cellar/glfw/3.3/lib,
				);
				PRODUCT_NAME = "$(TARGET_NAME)";
				WARNING_CFLAGS = "-Wno-documentation";
			};
			name = Debug;
		};
		D70AD0BF228AAAF60005854D /* Release */ = {
			isa = XCBuildConfiguration;
			buildSettings = {
				CODE_SIGN_STYLE = Automatic;
				DEVELOPMENT_TEAM = HA5G797698;
				HEADER_SEARCH_PATHS = (
					/usr/local/Cellar/glm/0.9.9.5/include,
					/usr/local/include,
					"$(glfw_header)",
				);
				LIBRARY_SEARCH_PATHS = (
					"$(inherited)",
					/usr/local/Cellar/glfw/3.3/lib,
				);
				PRODUCT_NAME = "$(TARGET_NAME)";
				WARNING_CFLAGS = "-Wno-documentation";
			};
			name = Release;
		};
		D7C1EB34228BB44D000BD697 /* Debug */ = {
			isa = XCBuildConfiguration;
			buildSettings = {
				CODE_SIGN_STYLE = Automatic;
				DEVELOPMENT_TEAM = M6DX88HX28;
				HEADER_SEARCH_PATHS = (
					/usr/local/Cellar/glm/0.9.9.5/include,
					/usr/local/include,
					"$(glfw_header)",
				);
				LIBRARY_SEARCH_PATHS = (
					"$(inherited)",
					/usr/local/Cellar/glfw/3.3/lib,
				);
				PRODUCT_NAME = "$(TARGET_NAME)";
				WARNING_CFLAGS = "-Wno-documentation";
			};
			name = Debug;
		};
		D7C1EB35228BB44D000BD697 /* Release */ = {
			isa = XCBuildConfiguration;
			buildSettings = {
				CODE_SIGN_STYLE = Automatic;
				DEVELOPMENT_TEAM = M6DX88HX28;
				HEADER_SEARCH_PATHS = (
					/usr/local/Cellar/glm/0.9.9.5/include,
					/usr/local/include,
					"$(glfw_header)",
				);
				LIBRARY_SEARCH_PATHS = (
					"$(inherited)",
					/usr/local/Cellar/glfw/3.3/lib,
				);
				PRODUCT_NAME = "$(TARGET_NAME)";
				WARNING_CFLAGS = "-Wno-documentation";
			};
			name = Release;
		};
		D7C1EB4E228C1AEE000BD697 /* Debug */ = {
			isa = XCBuildConfiguration;
			buildSettings = {
				CODE_SIGN_STYLE = Automatic;
				DEVELOPMENT_TEAM = 9343N69MHG;
				HEADER_SEARCH_PATHS = (
					/usr/local/Cellar/glm/0.9.9.5/include,
					/usr/local/include,
					"$(glfw_header)",
				);
				LIBRARY_SEARCH_PATHS = (
					"$(inherited)",
					/usr/local/Cellar/glfw/3.3/lib,
				);
				PRODUCT_NAME = "$(TARGET_NAME)";
				WARNING_CFLAGS = "-Wno-documentation";
			};
			name = Debug;
		};
		D7C1EB4F228C1AEE000BD697 /* Release */ = {
			isa = XCBuildConfiguration;
			buildSettings = {
				CODE_SIGN_STYLE = Automatic;
				DEVELOPMENT_TEAM = 9343N69MHG;
				HEADER_SEARCH_PATHS = (
					/usr/local/Cellar/glm/0.9.9.5/include,
					/usr/local/include,
					"$(glfw_header)",
				);
				LIBRARY_SEARCH_PATHS = (
					"$(inherited)",
					/usr/local/Cellar/glfw/3.3/lib,
				);
				PRODUCT_NAME = "$(TARGET_NAME)";
				WARNING_CFLAGS = "-Wno-documentation";
			};
			name = Release;
		};
		D7C1EB71228D1406000BD697 /* Debug */ = {
			isa = XCBuildConfiguration;
			buildSettings = {
				CODE_SIGN_STYLE = Automatic;
				DEVELOPMENT_TEAM = M6DX88HX28;
				HEADER_SEARCH_PATHS = (
					/usr/local/Cellar/glm/0.9.9.5/include,
					/usr/local/include,
					"$(glfw_header)",
				);
				LIBRARY_SEARCH_PATHS = (
					"$(inherited)",
					/usr/local/Cellar/glfw/3.3/lib,
				);
				PRODUCT_NAME = "$(TARGET_NAME)";
				WARNING_CFLAGS = "-Wno-documentation";
			};
			name = Debug;
		};
		D7C1EB72228D1406000BD697 /* Release */ = {
			isa = XCBuildConfiguration;
			buildSettings = {
				CODE_SIGN_STYLE = Automatic;
				DEVELOPMENT_TEAM = M6DX88HX28;
				HEADER_SEARCH_PATHS = (
					/usr/local/Cellar/glm/0.9.9.5/include,
					/usr/local/include,
					"$(glfw_header)",
				);
				LIBRARY_SEARCH_PATHS = (
					"$(inherited)",
					/usr/local/Cellar/glfw/3.3/lib,
				);
				PRODUCT_NAME = "$(TARGET_NAME)";
				WARNING_CFLAGS = "-Wno-documentation";
			};
			name = Release;
		};
		D7C1EB8C228D5104000BD697 /* Debug */ = {
			isa = XCBuildConfiguration;
			buildSettings = {
				CODE_SIGN_STYLE = Automatic;
				DEVELOPMENT_TEAM = M6DX88HX28;
				HEADER_SEARCH_PATHS = (
					/usr/local/Cellar/glm/0.9.9.5/include,
					/usr/local/include,
					"$(glfw_header)",
				);
				LIBRARY_SEARCH_PATHS = (
					"$(inherited)",
					/usr/local/Cellar/glfw/3.3/lib,
				);
				PRODUCT_NAME = "$(TARGET_NAME)";
				WARNING_CFLAGS = "-Wno-documentation";
			};
			name = Debug;
		};
		D7C1EB8D228D5104000BD697 /* Release */ = {
			isa = XCBuildConfiguration;
			buildSettings = {
				CODE_SIGN_STYLE = Automatic;
				DEVELOPMENT_TEAM = M6DX88HX28;
				HEADER_SEARCH_PATHS = (
					/usr/local/Cellar/glm/0.9.9.5/include,
					/usr/local/include,
					"$(glfw_header)",
				);
				LIBRARY_SEARCH_PATHS = (
					"$(inherited)",
					/usr/local/Cellar/glfw/3.3/lib,
				);
				PRODUCT_NAME = "$(TARGET_NAME)";
				WARNING_CFLAGS = "-Wno-documentation";
			};
			name = Release;
		};
/* End XCBuildConfiguration section */

/* Begin XCConfigurationList section */
		4B50D9CC2275DC2500B826D7 /* Build configuration list for PBXProject "LearnOpenGL" */ = {
			isa = XCConfigurationList;
			buildConfigurations = (
				4B50D9D62275DC2500B826D7 /* Debug */,
				4B50D9D72275DC2500B826D7 /* Release */,
			);
			defaultConfigurationIsVisible = 0;
			defaultConfigurationName = Release;
		};
		4B50D9EA2275F6E100B826D7 /* Build configuration list for PBXNativeTarget "LearnOpenGL-02-三角形" */ = {
			isa = XCConfigurationList;
			buildConfigurations = (
				4B50D9EB2275F6E100B826D7 /* Debug */,
				4B50D9EC2275F6E100B826D7 /* Release */,
			);
			defaultConfigurationIsVisible = 0;
			defaultConfigurationName = Release;
		};
		4B50D9F52275F7EA00B826D7 /* Build configuration list for PBXNativeTarget "LearnOpenGL-01-窗口" */ = {
			isa = XCConfigurationList;
			buildConfigurations = (
				4B50D9F62275F7EA00B826D7 /* Debug */,
				4B50D9F72275F7EA00B826D7 /* Release */,
			);
			defaultConfigurationIsVisible = 0;
			defaultConfigurationName = Release;
		};
		4BAB8A91228D9DAC00A8D406 /* Build configuration list for PBXNativeTarget "LearnOpenGL-11-LightingMaps" */ = {
			isa = XCConfigurationList;
			buildConfigurations = (
				4BAB8A8F228D9DAC00A8D406 /* Debug */,
				4BAB8A90228D9DAC00A8D406 /* Release */,
			);
			defaultConfigurationIsVisible = 0;
			defaultConfigurationName = Release;
		};
		D7042F08227EBC9F002490C4 /* Build configuration list for PBXNativeTarget "LearnOpenGL-03-Shader" */ = {
			isa = XCConfigurationList;
			buildConfigurations = (
				D7042F06227EBC9F002490C4 /* Debug */,
				D7042F07227EBC9F002490C4 /* Release */,
			);
			defaultConfigurationIsVisible = 0;
			defaultConfigurationName = Release;
		};
		D70AD08522893FC10005854D /* Build configuration list for PBXNativeTarget "LearnOpenGL-04-Texture" */ = {
			isa = XCConfigurationList;
			buildConfigurations = (
				D70AD08622893FC10005854D /* Debug */,
				D70AD08722893FC10005854D /* Release */,
			);
			defaultConfigurationIsVisible = 0;
			defaultConfigurationName = Release;
		};
		D70AD0A4228A93380005854D /* Build configuration list for PBXNativeTarget "LearnOpenGL-05-Transform" */ = {
			isa = XCConfigurationList;
			buildConfigurations = (
				D70AD0A5228A93380005854D /* Debug */,
				D70AD0A6228A93380005854D /* Release */,
			);
			defaultConfigurationIsVisible = 0;
			defaultConfigurationName = Release;
		};
		D70AD0BD228AAAF60005854D /* Build configuration list for PBXNativeTarget "LearnOpenGL-06-CoordinateSystems" */ = {
			isa = XCConfigurationList;
			buildConfigurations = (
				D70AD0BE228AAAF60005854D /* Debug */,
				D70AD0BF228AAAF60005854D /* Release */,
			);
			defaultConfigurationIsVisible = 0;
			defaultConfigurationName = Release;
		};
		D7C1EB36228BB44D000BD697 /* Build configuration list for PBXNativeTarget "LearnOpenGL-07-Camera" */ = {
			isa = XCConfigurationList;
			buildConfigurations = (
				D7C1EB34228BB44D000BD697 /* Debug */,
				D7C1EB35228BB44D000BD697 /* Release */,
			);
			defaultConfigurationIsVisible = 0;
			defaultConfigurationName = Release;
		};
		D7C1EB4D228C1AEE000BD697 /* Build configuration list for PBXNativeTarget "LearnOpenGL_08-Colors" */ = {
			isa = XCConfigurationList;
			buildConfigurations = (
				D7C1EB4E228C1AEE000BD697 /* Debug */,
				D7C1EB4F228C1AEE000BD697 /* Release */,
			);
			defaultConfigurationIsVisible = 0;
			defaultConfigurationName = Release;
		};
		D7C1EB70228D1406000BD697 /* Build configuration list for PBXNativeTarget "LearnOpenGL-09-BasicLighting" */ = {
			isa = XCConfigurationList;
			buildConfigurations = (
				D7C1EB71228D1406000BD697 /* Debug */,
				D7C1EB72228D1406000BD697 /* Release */,
			);
			defaultConfigurationIsVisible = 0;
			defaultConfigurationName = Release;
		};
		D7C1EB8B228D5104000BD697 /* Build configuration list for PBXNativeTarget "LearnOpenGL-10-Materials" */ = {
			isa = XCConfigurationList;
			buildConfigurations = (
				D7C1EB8C228D5104000BD697 /* Debug */,
				D7C1EB8D228D5104000BD697 /* Release */,
			);
			defaultConfigurationIsVisible = 0;
			defaultConfigurationName = Release;
		};
/* End XCConfigurationList section */
	};
	rootObject = 4B50D9C92275DC2500B826D7 /* Project object */;
}
