// !$*UTF8*$!
{
	archiveVersion = 1;
	classes = {
	};
	objectVersion = 50;
	objects = {

/* Begin PBXBuildFile section */
		4B71D10222E89CB0002DB1DB /* t_shader.vsh in Resources */ = {isa = PBXBuildFile; fileRef = 4B71D10122E89CB0002DB1DB /* t_shader.vsh */; };
		4B71D10422E89CBF002DB1DB /* t_shader.fsh in Resources */ = {isa = PBXBuildFile; fileRef = 4B71D10322E89CBF002DB1DB /* t_shader.fsh */; };
		4BAB8AB22292E04500A8D406 /* AppDelegate.m in Sources */ = {isa = PBXBuildFile; fileRef = 4BAB8AB12292E04500A8D406 /* AppDelegate.m */; };
		4BAB8AB52292E04500A8D406 /* TBViewController.m in Sources */ = {isa = PBXBuildFile; fileRef = 4BAB8AB42292E04500A8D406 /* TBViewController.m */; };
		4BAB8AB82292E04500A8D406 /* Main.storyboard in Resources */ = {isa = PBXBuildFile; fileRef = 4BAB8AB62292E04500A8D406 /* Main.storyboard */; };
		4BAB8ABA2292E04900A8D406 /* Assets.xcassets in Resources */ = {isa = PBXBuildFile; fileRef = 4BAB8AB92292E04900A8D406 /* Assets.xcassets */; };
		4BAB8ABD2292E04900A8D406 /* LaunchScreen.storyboard in Resources */ = {isa = PBXBuildFile; fileRef = 4BAB8ABB2292E04900A8D406 /* LaunchScreen.storyboard */; };
		4BAB8AC02292E04900A8D406 /* main.m in Sources */ = {isa = PBXBuildFile; fileRef = 4BAB8ABF2292E04900A8D406 /* main.m */; };
		4BAB8AC82292E56500A8D406 /* GLKitViewController.m in Sources */ = {isa = PBXBuildFile; fileRef = 4BAB8AC72292E56500A8D406 /* GLKitViewController.m */; };
		4BAB8B082292F44600A8D406 /* sample.jpg in Resources */ = {isa = PBXBuildFile; fileRef = 4BAB8B072292F44600A8D406 /* sample.jpg */; };
		4BAB8B0D2295913700A8D406 /* girl.jpg in Resources */ = {isa = PBXBuildFile; fileRef = 4BAB8B0C2295913700A8D406 /* girl.jpg */; };
		4BAB8B102295915D00A8D406 /* ContentView.m in Sources */ = {isa = PBXBuildFile; fileRef = 4BAB8B0F2295915D00A8D406 /* ContentView.m */; };
		D7A8385F22E95E5C00985AD2 /* SplitScreenFilter.m in Sources */ = {isa = PBXBuildFile; fileRef = D7A8385E22E95E5C00985AD2 /* SplitScreenFilter.m */; };
		D7AAF8F322E99F0500AB5B93 /* IMG_2538.JPG in Resources */ = {isa = PBXBuildFile; fileRef = D7AAF8F222E99F0500AB5B93 /* IMG_2538.JPG */; };
		D7AAF8F822E9A4E700AB5B93 /* MutipleScreenFilter.m in Sources */ = {isa = PBXBuildFile; fileRef = D7AAF8F722E9A4E700AB5B93 /* MutipleScreenFilter.m */; };
		D7AAF8FA22E9A4FF00AB5B93 /* m_shader.vsh in Resources */ = {isa = PBXBuildFile; fileRef = D7AAF8F922E9A4FF00AB5B93 /* m_shader.vsh */; };
		D7AAF8FC22E9A50A00AB5B93 /* m_shader.fsh in Resources */ = {isa = PBXBuildFile; fileRef = D7AAF8FB22E9A50A00AB5B93 /* m_shader.fsh */; };
		D7AAF8FF22E9A52400AB5B93 /* ScreenFilter.m in Sources */ = {isa = PBXBuildFile; fileRef = D7AAF8FE22E9A52400AB5B93 /* ScreenFilter.m */; };
		D7AAF90322E9BFB000AB5B93 /* MutipleResourceScreenFilter.m in Sources */ = {isa = PBXBuildFile; fileRef = D7AAF90222E9BFB000AB5B93 /* MutipleResourceScreenFilter.m */; };
		D7AAF90622E9C0E000AB5B93 /* ms_shader.fsh in Resources */ = {isa = PBXBuildFile; fileRef = D7AAF90422E9C0E000AB5B93 /* ms_shader.fsh */; };
		D7AAF90722E9C0E000AB5B93 /* ms_shader.vsh in Resources */ = {isa = PBXBuildFile; fileRef = D7AAF90522E9C0E000AB5B93 /* ms_shader.vsh */; };
		D7AAF90A22EAE28700AB5B93 /* glad.c in Sources */ = {isa = PBXBuildFile; fileRef = D7AAF90822EAE28600AB5B93 /* glad.c */; };
		D7B31DDA22A7E0320084D1FA /* CombinationViewController.m in Sources */ = {isa = PBXBuildFile; fileRef = D7B31DD922A7E0320084D1FA /* CombinationViewController.m */; };
		D7B31DDD22A7E1DD0084D1FA /* CombineFilter.m in Sources */ = {isa = PBXBuildFile; fileRef = D7B31DDC22A7E1DD0084D1FA /* CombineFilter.m */; };
		D7B31DE022A8A6650084D1FA /* s_shader.fsh in Resources */ = {isa = PBXBuildFile; fileRef = D7B31DDE22A8A6650084D1FA /* s_shader.fsh */; };
		D7B31DE122A8A6650084D1FA /* s_shader.vsh in Resources */ = {isa = PBXBuildFile; fileRef = D7B31DDF22A8A6650084D1FA /* s_shader.vsh */; };
		D7BCA48C229641DE001E4480 /* LongLegsViewController.m in Sources */ = {isa = PBXBuildFile; fileRef = D7BCA48B229641DE001E4480 /* LongLegsViewController.m */; };
		D7BCA48E22968739001E4480 /* hahah.jpg in Resources */ = {isa = PBXBuildFile; fileRef = D7BCA48D22968739001E4480 /* hahah.jpg */; };
		D7BCA4922297BEF2001E4480 /* FilterViewController.m in Sources */ = {isa = PBXBuildFile; fileRef = D7BCA4912297BEF2001E4480 /* FilterViewController.m */; };
		D7BCA4952297C88B001E4480 /* scale.vsh in Resources */ = {isa = PBXBuildFile; fileRef = D7BCA4932297C88A001E4480 /* scale.vsh */; };
		D7BCA4962297C88B001E4480 /* scale.fsh in Resources */ = {isa = PBXBuildFile; fileRef = D7BCA4942297C88A001E4480 /* scale.fsh */; };
		D7BCA4982297CF2F001E4480 /* sample_filter.jpg in Resources */ = {isa = PBXBuildFile; fileRef = D7BCA4972297CF2F001E4480 /* sample_filter.jpg */; };
		D7BCA49C2297E2E9001E4480 /* soulOut.vsh in Resources */ = {isa = PBXBuildFile; fileRef = D7BCA49A2297E2E8001E4480 /* soulOut.vsh */; };
		D7BCA49D2297E2E9001E4480 /* soulOut.fsh in Resources */ = {isa = PBXBuildFile; fileRef = D7BCA49B2297E2E8001E4480 /* soulOut.fsh */; };
		D7BCA4A82297E312001E4480 /* flashWhite.vsh in Resources */ = {isa = PBXBuildFile; fileRef = D7BCA49E2297E311001E4480 /* flashWhite.vsh */; };
		D7BCA4A92297E312001E4480 /* glitch.fsh in Resources */ = {isa = PBXBuildFile; fileRef = D7BCA49F2297E311001E4480 /* glitch.fsh */; };
		D7BCA4AA2297E312001E4480 /* flashWhite.fsh in Resources */ = {isa = PBXBuildFile; fileRef = D7BCA4A02297E311001E4480 /* flashWhite.fsh */; };
		D7BCA4AB2297E312001E4480 /* normal.fsh in Resources */ = {isa = PBXBuildFile; fileRef = D7BCA4A12297E312001E4480 /* normal.fsh */; };
		D7BCA4AC2297E312001E4480 /* shake.vsh in Resources */ = {isa = PBXBuildFile; fileRef = D7BCA4A22297E312001E4480 /* shake.vsh */; };
		D7BCA4AD2297E312001E4480 /* shake.fsh in Resources */ = {isa = PBXBuildFile; fileRef = D7BCA4A32297E312001E4480 /* shake.fsh */; };
		D7BCA4AE2297E312001E4480 /* illusion.fsh in Resources */ = {isa = PBXBuildFile; fileRef = D7BCA4A42297E312001E4480 /* illusion.fsh */; };
		D7BCA4AF2297E312001E4480 /* normal.vsh in Resources */ = {isa = PBXBuildFile; fileRef = D7BCA4A52297E312001E4480 /* normal.vsh */; };
		D7BCA4B02297E312001E4480 /* illusion.vsh in Resources */ = {isa = PBXBuildFile; fileRef = D7BCA4A62297E312001E4480 /* illusion.vsh */; };
		D7BCA4B12297E312001E4480 /* glitch.vsh in Resources */ = {isa = PBXBuildFile; fileRef = D7BCA4A72297E312001E4480 /* glitch.vsh */; };
		D7BCA4B42297E8E9001E4480 /* FilterShaderBar.m in Sources */ = {isa = PBXBuildFile; fileRef = D7BCA4B32297E8E9001E4480 /* FilterShaderBar.m */; };
		D7BCA5F0229D4CEA001E4480 /* UIViewController+Statistics.m in Sources */ = {isa = PBXBuildFile; fileRef = D7BCA5EF229D4CEA001E4480 /* UIViewController+Statistics.m */; };
		D7E350E922E8045C005166DE /* sample_filter.jpg in Resources */ = {isa = PBXBuildFile; fileRef = D7E350E822E8045C005166DE /* sample_filter.jpg */; };
		D7F349402293F73C00AEF51A /* GLSLViewController.m in Sources */ = {isa = PBXBuildFile; fileRef = D7F3493F2293F73C00AEF51A /* GLSLViewController.m */; };
		D7F349482293FED300AEF51A /* GLSLShader.m in Sources */ = {isa = PBXBuildFile; fileRef = D7F349472293FED300AEF51A /* GLSLShader.m */; };
		D7F3494B2294064C00AEF51A /* shader.fsh in Resources */ = {isa = PBXBuildFile; fileRef = D7F349492294064C00AEF51A /* shader.fsh */; };
		D7F3494C2294064C00AEF51A /* shader.vsh in Resources */ = {isa = PBXBuildFile; fileRef = D7F3494A2294064C00AEF51A /* shader.vsh */; };
/* End PBXBuildFile section */

/* Begin PBXFileReference section */
		4B71D10122E89CB0002DB1DB /* t_shader.vsh */ = {isa = PBXFileReference; lastKnownFileType = sourcecode.glsl; path = t_shader.vsh; sourceTree = "<group>"; };
		4B71D10322E89CBF002DB1DB /* t_shader.fsh */ = {isa = PBXFileReference; lastKnownFileType = sourcecode.glsl; path = t_shader.fsh; sourceTree = "<group>"; };
		4BAB8AAD2292E04500A8D406 /* LearnOpenGL-APP.app */ = {isa = PBXFileReference; explicitFileType = wrapper.application; includeInIndex = 0; path = "LearnOpenGL-APP.app"; sourceTree = BUILT_PRODUCTS_DIR; };
		4BAB8AB02292E04500A8D406 /* AppDelegate.h */ = {isa = PBXFileReference; lastKnownFileType = sourcecode.c.h; path = AppDelegate.h; sourceTree = "<group>"; };
		4BAB8AB12292E04500A8D406 /* AppDelegate.m */ = {isa = PBXFileReference; lastKnownFileType = sourcecode.c.objc; path = AppDelegate.m; sourceTree = "<group>"; };
		4BAB8AB32292E04500A8D406 /* TBViewController.h */ = {isa = PBXFileReference; lastKnownFileType = sourcecode.c.h; path = TBViewController.h; sourceTree = "<group>"; };
		4BAB8AB42292E04500A8D406 /* TBViewController.m */ = {isa = PBXFileReference; lastKnownFileType = sourcecode.c.objc; path = TBViewController.m; sourceTree = "<group>"; };
		4BAB8AB72292E04500A8D406 /* Base */ = {isa = PBXFileReference; lastKnownFileType = file.storyboard; name = Base; path = Base.lproj/Main.storyboard; sourceTree = "<group>"; };
		4BAB8AB92292E04900A8D406 /* Assets.xcassets */ = {isa = PBXFileReference; lastKnownFileType = folder.assetcatalog; path = Assets.xcassets; sourceTree = "<group>"; };
		4BAB8ABC2292E04900A8D406 /* Base */ = {isa = PBXFileReference; lastKnownFileType = file.storyboard; name = Base; path = Base.lproj/LaunchScreen.storyboard; sourceTree = "<group>"; };
		4BAB8ABE2292E04900A8D406 /* Info.plist */ = {isa = PBXFileReference; lastKnownFileType = text.plist.xml; path = Info.plist; sourceTree = "<group>"; };
		4BAB8ABF2292E04900A8D406 /* main.m */ = {isa = PBXFileReference; lastKnownFileType = sourcecode.c.objc; path = main.m; sourceTree = "<group>"; };
		4BAB8AC62292E56500A8D406 /* GLKitViewController.h */ = {isa = PBXFileReference; lastKnownFileType = sourcecode.c.h; path = GLKitViewController.h; sourceTree = "<group>"; };
		4BAB8AC72292E56500A8D406 /* GLKitViewController.m */ = {isa = PBXFileReference; lastKnownFileType = sourcecode.c.objc; path = GLKitViewController.m; sourceTree = "<group>"; };
		4BAB8B072292F44600A8D406 /* sample.jpg */ = {isa = PBXFileReference; lastKnownFileType = image.jpeg; path = sample.jpg; sourceTree = "<group>"; };
		4BAB8B0C2295913700A8D406 /* girl.jpg */ = {isa = PBXFileReference; lastKnownFileType = image.jpeg; path = girl.jpg; sourceTree = "<group>"; };
		4BAB8B0E2295915D00A8D406 /* ContentView.h */ = {isa = PBXFileReference; lastKnownFileType = sourcecode.c.h; path = ContentView.h; sourceTree = "<group>"; };
		4BAB8B0F2295915D00A8D406 /* ContentView.m */ = {isa = PBXFileReference; lastKnownFileType = sourcecode.c.objc; path = ContentView.m; sourceTree = "<group>"; };
		D7A8385D22E95E5C00985AD2 /* SplitScreenFilter.h */ = {isa = PBXFileReference; lastKnownFileType = sourcecode.c.h; path = SplitScreenFilter.h; sourceTree = "<group>"; };
		D7A8385E22E95E5C00985AD2 /* SplitScreenFilter.m */ = {isa = PBXFileReference; lastKnownFileType = sourcecode.c.objc; path = SplitScreenFilter.m; sourceTree = "<group>"; };
		D7AAF8F222E99F0500AB5B93 /* IMG_2538.JPG */ = {isa = PBXFileReference; lastKnownFileType = image.jpeg; path = IMG_2538.JPG; sourceTree = "<group>"; };
		D7AAF8F622E9A4E700AB5B93 /* MutipleScreenFilter.h */ = {isa = PBXFileReference; lastKnownFileType = sourcecode.c.h; path = MutipleScreenFilter.h; sourceTree = "<group>"; };
		D7AAF8F722E9A4E700AB5B93 /* MutipleScreenFilter.m */ = {isa = PBXFileReference; lastKnownFileType = sourcecode.c.objc; path = MutipleScreenFilter.m; sourceTree = "<group>"; };
		D7AAF8F922E9A4FF00AB5B93 /* m_shader.vsh */ = {isa = PBXFileReference; lastKnownFileType = sourcecode.glsl; path = m_shader.vsh; sourceTree = "<group>"; };
		D7AAF8FB22E9A50A00AB5B93 /* m_shader.fsh */ = {isa = PBXFileReference; lastKnownFileType = sourcecode.glsl; path = m_shader.fsh; sourceTree = "<group>"; };
		D7AAF8FD22E9A52400AB5B93 /* ScreenFilter.h */ = {isa = PBXFileReference; lastKnownFileType = sourcecode.c.h; path = ScreenFilter.h; sourceTree = "<group>"; };
		D7AAF8FE22E9A52400AB5B93 /* ScreenFilter.m */ = {isa = PBXFileReference; lastKnownFileType = sourcecode.c.objc; path = ScreenFilter.m; sourceTree = "<group>"; };
		D7AAF90122E9BFB000AB5B93 /* MutipleResourceScreenFilter.h */ = {isa = PBXFileReference; lastKnownFileType = sourcecode.c.h; path = MutipleResourceScreenFilter.h; sourceTree = "<group>"; };
		D7AAF90222E9BFB000AB5B93 /* MutipleResourceScreenFilter.m */ = {isa = PBXFileReference; lastKnownFileType = sourcecode.c.objc; path = MutipleResourceScreenFilter.m; sourceTree = "<group>"; };
		D7AAF90422E9C0E000AB5B93 /* ms_shader.fsh */ = {isa = PBXFileReference; fileEncoding = 4; lastKnownFileType = sourcecode.glsl; path = ms_shader.fsh; sourceTree = "<group>"; };
		D7AAF90522E9C0E000AB5B93 /* ms_shader.vsh */ = {isa = PBXFileReference; fileEncoding = 4; lastKnownFileType = sourcecode.glsl; path = ms_shader.vsh; sourceTree = "<group>"; };
		D7AAF90822EAE28600AB5B93 /* glad.c */ = {isa = PBXFileReference; fileEncoding = 4; lastKnownFileType = sourcecode.c.c; name = glad.c; path = "LearnOpenGL-APP/glad.c"; sourceTree = SOURCE_ROOT; };
		D7AAF90922EAE28600AB5B93 /* glad.h */ = {isa = PBXFileReference; fileEncoding = 4; lastKnownFileType = sourcecode.c.h; name = glad.h; path = "LearnOpenGL-APP/glad.h"; sourceTree = SOURCE_ROOT; };
		D7AAF90C22EAE34100AB5B93 /* khrplatform.h */ = {isa = PBXFileReference; fileEncoding = 4; lastKnownFileType = sourcecode.c.h; path = khrplatform.h; sourceTree = "<group>"; };
		D7B31DD822A7E0320084D1FA /* CombinationViewController.h */ = {isa = PBXFileReference; lastKnownFileType = sourcecode.c.h; path = CombinationViewController.h; sourceTree = "<group>"; };
		D7B31DD922A7E0320084D1FA /* CombinationViewController.m */ = {isa = PBXFileReference; lastKnownFileType = sourcecode.c.objc; path = CombinationViewController.m; sourceTree = "<group>"; };
		D7B31DDB22A7E1DD0084D1FA /* CombineFilter.h */ = {isa = PBXFileReference; lastKnownFileType = sourcecode.c.h; path = CombineFilter.h; sourceTree = "<group>"; };
		D7B31DDC22A7E1DD0084D1FA /* CombineFilter.m */ = {isa = PBXFileReference; lastKnownFileType = sourcecode.c.objc; path = CombineFilter.m; sourceTree = "<group>"; };
		D7B31DDE22A8A6650084D1FA /* s_shader.fsh */ = {isa = PBXFileReference; fileEncoding = 4; lastKnownFileType = sourcecode.glsl; path = s_shader.fsh; sourceTree = "<group>"; };
		D7B31DDF22A8A6650084D1FA /* s_shader.vsh */ = {isa = PBXFileReference; fileEncoding = 4; lastKnownFileType = sourcecode.glsl; path = s_shader.vsh; sourceTree = "<group>"; };
		D7BCA48A229641DE001E4480 /* LongLegsViewController.h */ = {isa = PBXFileReference; fileEncoding = 4; lastKnownFileType = sourcecode.c.h; path = LongLegsViewController.h; sourceTree = "<group>"; };
		D7BCA48B229641DE001E4480 /* LongLegsViewController.m */ = {isa = PBXFileReference; fileEncoding = 4; lastKnownFileType = sourcecode.c.objc; path = LongLegsViewController.m; sourceTree = "<group>"; };
		D7BCA48D22968739001E4480 /* hahah.jpg */ = {isa = PBXFileReference; lastKnownFileType = image.jpeg; path = hahah.jpg; sourceTree = "<group>"; };
		D7BCA4902297BEF2001E4480 /* FilterViewController.h */ = {isa = PBXFileReference; lastKnownFileType = sourcecode.c.h; path = FilterViewController.h; sourceTree = "<group>"; };
		D7BCA4912297BEF2001E4480 /* FilterViewController.m */ = {isa = PBXFileReference; lastKnownFileType = sourcecode.c.objc; path = FilterViewController.m; sourceTree = "<group>"; };
		D7BCA4932297C88A001E4480 /* scale.vsh */ = {isa = PBXFileReference; fileEncoding = 4; lastKnownFileType = sourcecode.glsl; path = scale.vsh; sourceTree = "<group>"; };
		D7BCA4942297C88A001E4480 /* scale.fsh */ = {isa = PBXFileReference; fileEncoding = 4; lastKnownFileType = sourcecode.glsl; path = scale.fsh; sourceTree = "<group>"; };
		D7BCA4972297CF2F001E4480 /* sample_filter.jpg */ = {isa = PBXFileReference; lastKnownFileType = image.jpeg; path = sample_filter.jpg; sourceTree = "<group>"; };
		D7BCA49A2297E2E8001E4480 /* soulOut.vsh */ = {isa = PBXFileReference; fileEncoding = 4; lastKnownFileType = sourcecode.glsl; path = soulOut.vsh; sourceTree = "<group>"; };
		D7BCA49B2297E2E8001E4480 /* soulOut.fsh */ = {isa = PBXFileReference; fileEncoding = 4; lastKnownFileType = sourcecode.glsl; path = soulOut.fsh; sourceTree = "<group>"; };
		D7BCA49E2297E311001E4480 /* flashWhite.vsh */ = {isa = PBXFileReference; fileEncoding = 4; lastKnownFileType = sourcecode.glsl; path = flashWhite.vsh; sourceTree = "<group>"; };
		D7BCA49F2297E311001E4480 /* glitch.fsh */ = {isa = PBXFileReference; fileEncoding = 4; lastKnownFileType = sourcecode.glsl; path = glitch.fsh; sourceTree = "<group>"; };
		D7BCA4A02297E311001E4480 /* flashWhite.fsh */ = {isa = PBXFileReference; fileEncoding = 4; lastKnownFileType = sourcecode.glsl; path = flashWhite.fsh; sourceTree = "<group>"; };
		D7BCA4A12297E312001E4480 /* normal.fsh */ = {isa = PBXFileReference; fileEncoding = 4; lastKnownFileType = sourcecode.glsl; path = normal.fsh; sourceTree = "<group>"; };
		D7BCA4A22297E312001E4480 /* shake.vsh */ = {isa = PBXFileReference; fileEncoding = 4; lastKnownFileType = sourcecode.glsl; path = shake.vsh; sourceTree = "<group>"; };
		D7BCA4A32297E312001E4480 /* shake.fsh */ = {isa = PBXFileReference; fileEncoding = 4; lastKnownFileType = sourcecode.glsl; path = shake.fsh; sourceTree = "<group>"; };
		D7BCA4A42297E312001E4480 /* illusion.fsh */ = {isa = PBXFileReference; fileEncoding = 4; lastKnownFileType = sourcecode.glsl; path = illusion.fsh; sourceTree = "<group>"; };
		D7BCA4A52297E312001E4480 /* normal.vsh */ = {isa = PBXFileReference; fileEncoding = 4; lastKnownFileType = sourcecode.glsl; path = normal.vsh; sourceTree = "<group>"; };
		D7BCA4A62297E312001E4480 /* illusion.vsh */ = {isa = PBXFileReference; fileEncoding = 4; lastKnownFileType = sourcecode.glsl; path = illusion.vsh; sourceTree = "<group>"; };
		D7BCA4A72297E312001E4480 /* glitch.vsh */ = {isa = PBXFileReference; fileEncoding = 4; lastKnownFileType = sourcecode.glsl; path = glitch.vsh; sourceTree = "<group>"; };
		D7BCA4B22297E8E9001E4480 /* FilterShaderBar.h */ = {isa = PBXFileReference; lastKnownFileType = sourcecode.c.h; path = FilterShaderBar.h; sourceTree = "<group>"; };
		D7BCA4B32297E8E9001E4480 /* FilterShaderBar.m */ = {isa = PBXFileReference; lastKnownFileType = sourcecode.c.objc; path = FilterShaderBar.m; sourceTree = "<group>"; };
		D7BCA5EE229D4CEA001E4480 /* UIViewController+Statistics.h */ = {isa = PBXFileReference; lastKnownFileType = sourcecode.c.h; path = "UIViewController+Statistics.h"; sourceTree = "<group>"; };
		D7BCA5EF229D4CEA001E4480 /* UIViewController+Statistics.m */ = {isa = PBXFileReference; lastKnownFileType = sourcecode.c.objc; path = "UIViewController+Statistics.m"; sourceTree = "<group>"; };
		D7E350E822E8045C005166DE /* sample_filter.jpg */ = {isa = PBXFileReference; lastKnownFileType = image.jpeg; name = sample_filter.jpg; path = "LearnOpenGL-APP/04-Filter/sample_filter.jpg"; sourceTree = SOURCE_ROOT; };
		D7F3493E2293F73C00AEF51A /* GLSLViewController.h */ = {isa = PBXFileReference; lastKnownFileType = sourcecode.c.h; path = GLSLViewController.h; sourceTree = "<group>"; };
		D7F3493F2293F73C00AEF51A /* GLSLViewController.m */ = {isa = PBXFileReference; lastKnownFileType = sourcecode.c.objc; path = GLSLViewController.m; sourceTree = "<group>"; };
		D7F349462293FED300AEF51A /* GLSLShader.h */ = {isa = PBXFileReference; lastKnownFileType = sourcecode.c.h; path = GLSLShader.h; sourceTree = "<group>"; };
		D7F349472293FED300AEF51A /* GLSLShader.m */ = {isa = PBXFileReference; lastKnownFileType = sourcecode.c.objc; path = GLSLShader.m; sourceTree = "<group>"; };
		D7F349492294064C00AEF51A /* shader.fsh */ = {isa = PBXFileReference; fileEncoding = 4; lastKnownFileType = sourcecode.glsl; path = shader.fsh; sourceTree = "<group>"; };
		D7F3494A2294064C00AEF51A /* shader.vsh */ = {isa = PBXFileReference; fileEncoding = 4; lastKnownFileType = sourcecode.glsl; path = shader.vsh; sourceTree = "<group>"; };
/* End PBXFileReference section */

/* Begin PBXFrameworksBuildPhase section */
		4BAB8AAA2292E04500A8D406 /* Frameworks */ = {
			isa = PBXFrameworksBuildPhase;
			buildActionMask = 2147483647;
			files = (
			);
			runOnlyForDeploymentPostprocessing = 0;
		};
/* End PBXFrameworksBuildPhase section */

/* Begin PBXGroup section */
		4BAB8AA42292E04500A8D406 = {
			isa = PBXGroup;
			children = (
				4BAB8AAF2292E04500A8D406 /* LearnOpenGL-APP */,
				4BAB8AAE2292E04500A8D406 /* Products */,
			);
			sourceTree = "<group>";
		};
		4BAB8AAE2292E04500A8D406 /* Products */ = {
			isa = PBXGroup;
			children = (
				4BAB8AAD2292E04500A8D406 /* LearnOpenGL-APP.app */,
			);
			name = Products;
			sourceTree = "<group>";
		};
		4BAB8AAF2292E04500A8D406 /* LearnOpenGL-APP */ = {
			isa = PBXGroup;
			children = (
				D7B31DD722A7DFE30084D1FA /* 05-combination */,
				D7BCA48F2297BB73001E4480 /* 04-Filter */,
				D7F3494D2294E8F900AEF51A /* 03-LongLegs */,
				D7F349422293F77300AEF51A /* 02-GLSL */,
				D7F349412293F75F00AEF51A /* 01-GLKit */,
				4BAB8B072292F44600A8D406 /* sample.jpg */,
				4BAB8AB02292E04500A8D406 /* AppDelegate.h */,
				4BAB8AB12292E04500A8D406 /* AppDelegate.m */,
				4BAB8AB32292E04500A8D406 /* TBViewController.h */,
				4BAB8AB42292E04500A8D406 /* TBViewController.m */,
				D7BCA5EE229D4CEA001E4480 /* UIViewController+Statistics.h */,
				D7BCA5EF229D4CEA001E4480 /* UIViewController+Statistics.m */,
				4BAB8AB62292E04500A8D406 /* Main.storyboard */,
				4BAB8AB92292E04900A8D406 /* Assets.xcassets */,
				4BAB8ABB2292E04900A8D406 /* LaunchScreen.storyboard */,
				4BAB8ABE2292E04900A8D406 /* Info.plist */,
				4BAB8ABF2292E04900A8D406 /* main.m */,
			);
			path = "LearnOpenGL-APP";
			sourceTree = "<group>";
		};
		D7AAF8F422E9A4AA00AB5B93 /* splitScreen */ = {
			isa = PBXGroup;
			children = (
				D7A8385D22E95E5C00985AD2 /* SplitScreenFilter.h */,
				D7A8385E22E95E5C00985AD2 /* SplitScreenFilter.m */,
				D7B31DDE22A8A6650084D1FA /* s_shader.fsh */,
				D7B31DDF22A8A6650084D1FA /* s_shader.vsh */,
			);
			path = splitScreen;
			sourceTree = "<group>";
		};
		D7AAF8F522E9A4C300AB5B93 /* mutipleScreen */ = {
			isa = PBXGroup;
			children = (
				D7AAF8F622E9A4E700AB5B93 /* MutipleScreenFilter.h */,
				D7AAF8F722E9A4E700AB5B93 /* MutipleScreenFilter.m */,
				D7AAF8F922E9A4FF00AB5B93 /* m_shader.vsh */,
				D7AAF8FB22E9A50A00AB5B93 /* m_shader.fsh */,
			);
			path = mutipleScreen;
			sourceTree = "<group>";
		};
		D7AAF90022E9BF7500AB5B93 /* MutipleResourceScreen */ = {
			isa = PBXGroup;
			children = (
				D7AAF90B22EAE34100AB5B93 /* KHR */,
				D7AAF90922EAE28600AB5B93 /* glad.h */,
				D7AAF90822EAE28600AB5B93 /* glad.c */,
				D7AAF90122E9BFB000AB5B93 /* MutipleResourceScreenFilter.h */,
				D7AAF90222E9BFB000AB5B93 /* MutipleResourceScreenFilter.m */,
				D7AAF90422E9C0E000AB5B93 /* ms_shader.fsh */,
				D7AAF90522E9C0E000AB5B93 /* ms_shader.vsh */,
			);
			path = MutipleResourceScreen;
			sourceTree = "<group>";
		};
		D7AAF90B22EAE34100AB5B93 /* KHR */ = {
			isa = PBXGroup;
			children = (
				D7AAF90C22EAE34100AB5B93 /* khrplatform.h */,
			);
			name = KHR;
			path = "LearnOpenGL-APP/KHR";
			sourceTree = SOURCE_ROOT;
		};
		D7B31DD722A7DFE30084D1FA /* 05-combination */ = {
			isa = PBXGroup;
			children = (
				D7AAF90022E9BF7500AB5B93 /* MutipleResourceScreen */,
				D7AAF8FD22E9A52400AB5B93 /* ScreenFilter.h */,
				D7AAF8FE22E9A52400AB5B93 /* ScreenFilter.m */,
				D7AAF8F522E9A4C300AB5B93 /* mutipleScreen */,
				D7AAF8F422E9A4AA00AB5B93 /* splitScreen */,
				D7AAF8F222E99F0500AB5B93 /* IMG_2538.JPG */,
				D7E350E822E8045C005166DE /* sample_filter.jpg */,
				4B71D10122E89CB0002DB1DB /* t_shader.vsh */,
				4B71D10322E89CBF002DB1DB /* t_shader.fsh */,
				D7B31DD822A7E0320084D1FA /* CombinationViewController.h */,
				D7B31DD922A7E0320084D1FA /* CombinationViewController.m */,
				D7B31DDB22A7E1DD0084D1FA /* CombineFilter.h */,
				D7B31DDC22A7E1DD0084D1FA /* CombineFilter.m */,
			);
			path = "05-combination";
			sourceTree = "<group>";
		};
		D7BCA48F2297BB73001E4480 /* 04-Filter */ = {
			isa = PBXGroup;
			children = (
				D7BCA4992297E002001E4480 /* shader */,
				D7BCA4972297CF2F001E4480 /* sample_filter.jpg */,
				D7BCA4902297BEF2001E4480 /* FilterViewController.h */,
				D7BCA4912297BEF2001E4480 /* FilterViewController.m */,
				D7BCA4B22297E8E9001E4480 /* FilterShaderBar.h */,
				D7BCA4B32297E8E9001E4480 /* FilterShaderBar.m */,
			);
			path = "04-Filter";
			sourceTree = "<group>";
		};
		D7BCA4992297E002001E4480 /* shader */ = {
			isa = PBXGroup;
			children = (
				D7BCA4A32297E312001E4480 /* shake.fsh */,
				D7BCA4A22297E312001E4480 /* shake.vsh */,
				D7BCA4A02297E311001E4480 /* flashWhite.fsh */,
				D7BCA49E2297E311001E4480 /* flashWhite.vsh */,
				D7BCA49F2297E311001E4480 /* glitch.fsh */,
				D7BCA4A72297E312001E4480 /* glitch.vsh */,
				D7BCA4A42297E312001E4480 /* illusion.fsh */,
				D7BCA4A62297E312001E4480 /* illusion.vsh */,
				D7BCA4A12297E312001E4480 /* normal.fsh */,
				D7BCA4A52297E312001E4480 /* normal.vsh */,
				D7BCA49B2297E2E8001E4480 /* soulOut.fsh */,
				D7BCA49A2297E2E8001E4480 /* soulOut.vsh */,
				D7BCA4942297C88A001E4480 /* scale.fsh */,
				D7BCA4932297C88A001E4480 /* scale.vsh */,
			);
			path = shader;
			sourceTree = "<group>";
		};
		D7F349412293F75F00AEF51A /* 01-GLKit */ = {
			isa = PBXGroup;
			children = (
				4BAB8AC62292E56500A8D406 /* GLKitViewController.h */,
				4BAB8AC72292E56500A8D406 /* GLKitViewController.m */,
			);
			name = "01-GLKit";
			sourceTree = "<group>";
		};
		D7F349422293F77300AEF51A /* 02-GLSL */ = {
			isa = PBXGroup;
			children = (
				D7F349492294064C00AEF51A /* shader.fsh */,
				D7F3494A2294064C00AEF51A /* shader.vsh */,
				D7F3493E2293F73C00AEF51A /* GLSLViewController.h */,
				D7F3493F2293F73C00AEF51A /* GLSLViewController.m */,
				D7F349462293FED300AEF51A /* GLSLShader.h */,
				D7F349472293FED300AEF51A /* GLSLShader.m */,
			);
			path = "02-GLSL";
			sourceTree = "<group>";
		};
		D7F3494D2294E8F900AEF51A /* 03-LongLegs */ = {
			isa = PBXGroup;
			children = (
				D7BCA48D22968739001E4480 /* hahah.jpg */,
				4BAB8B0C2295913700A8D406 /* girl.jpg */,
				4BAB8B0E2295915D00A8D406 /* ContentView.h */,
				4BAB8B0F2295915D00A8D406 /* ContentView.m */,
				D7BCA48A229641DE001E4480 /* LongLegsViewController.h */,
				D7BCA48B229641DE001E4480 /* LongLegsViewController.m */,
			);
			path = "03-LongLegs";
			sourceTree = "<group>";
		};
/* End PBXGroup section */

/* Begin PBXNativeTarget section */
		4BAB8AAC2292E04500A8D406 /* LearnOpenGL-APP */ = {
			isa = PBXNativeTarget;
			buildConfigurationList = 4BAB8AC32292E04900A8D406 /* Build configuration list for PBXNativeTarget "LearnOpenGL-APP" */;
			buildPhases = (
				4BAB8AA92292E04500A8D406 /* Sources */,
				4BAB8AAA2292E04500A8D406 /* Frameworks */,
				4BAB8AAB2292E04500A8D406 /* Resources */,
			);
			buildRules = (
			);
			dependencies = (
			);
			name = "LearnOpenGL-APP";
			productName = "LearnOpenGL-APP";
			productReference = 4BAB8AAD2292E04500A8D406 /* LearnOpenGL-APP.app */;
			productType = "com.apple.product-type.application";
		};
/* End PBXNativeTarget section */

/* Begin PBXProject section */
		4BAB8AA52292E04500A8D406 /* Project object */ = {
			isa = PBXProject;
			attributes = {
				LastUpgradeCheck = 1020;
				ORGANIZATIONNAME = TUTU;
				TargetAttributes = {
					4BAB8AAC2292E04500A8D406 = {
						CreatedOnToolsVersion = 10.2.1;
					};
				};
			};
			buildConfigurationList = 4BAB8AA82292E04500A8D406 /* Build configuration list for PBXProject "LearnOpenGL-APP" */;
			compatibilityVersion = "Xcode 9.3";
			developmentRegion = en;
			hasScannedForEncodings = 0;
			knownRegions = (
				en,
				Base,
			);
			mainGroup = 4BAB8AA42292E04500A8D406;
			productRefGroup = 4BAB8AAE2292E04500A8D406 /* Products */;
			projectDirPath = "";
			projectRoot = "";
			targets = (
				4BAB8AAC2292E04500A8D406 /* LearnOpenGL-APP */,
			);
		};
/* End PBXProject section */

/* Begin PBXResourcesBuildPhase section */
		4BAB8AAB2292E04500A8D406 /* Resources */ = {
			isa = PBXResourcesBuildPhase;
			buildActionMask = 2147483647;
			files = (
				D7BCA4B12297E312001E4480 /* glitch.vsh in Resources */,
				D7BCA4A92297E312001E4480 /* glitch.fsh in Resources */,
				D7BCA4962297C88B001E4480 /* scale.fsh in Resources */,
				D7BCA4A82297E312001E4480 /* flashWhite.vsh in Resources */,
				D7BCA4982297CF2F001E4480 /* sample_filter.jpg in Resources */,
				4B71D10222E89CB0002DB1DB /* t_shader.vsh in Resources */,
				D7BCA48E22968739001E4480 /* hahah.jpg in Resources */,
				D7BCA4AE2297E312001E4480 /* illusion.fsh in Resources */,
				D7BCA4952297C88B001E4480 /* scale.vsh in Resources */,
				D7F3494B2294064C00AEF51A /* shader.fsh in Resources */,
				D7E350E922E8045C005166DE /* sample_filter.jpg in Resources */,
				D7BCA4AA2297E312001E4480 /* flashWhite.fsh in Resources */,
				D7F3494C2294064C00AEF51A /* shader.vsh in Resources */,
				D7BCA4AD2297E312001E4480 /* shake.fsh in Resources */,
				D7AAF8F322E99F0500AB5B93 /* IMG_2538.JPG in Resources */,
				D7AAF8FC22E9A50A00AB5B93 /* m_shader.fsh in Resources */,
				D7AAF90722E9C0E000AB5B93 /* ms_shader.vsh in Resources */,
				4BAB8ABD2292E04900A8D406 /* LaunchScreen.storyboard in Resources */,
				D7BCA4AC2297E312001E4480 /* shake.vsh in Resources */,
				D7AAF90622E9C0E000AB5B93 /* ms_shader.fsh in Resources */,
				D7B31DE122A8A6650084D1FA /* s_shader.vsh in Resources */,
				4B71D10422E89CBF002DB1DB /* t_shader.fsh in Resources */,
				D7BCA4AB2297E312001E4480 /* normal.fsh in Resources */,
				D7AAF8FA22E9A4FF00AB5B93 /* m_shader.vsh in Resources */,
				D7BCA49D2297E2E9001E4480 /* soulOut.fsh in Resources */,
				4BAB8B0D2295913700A8D406 /* girl.jpg in Resources */,
				4BAB8ABA2292E04900A8D406 /* Assets.xcassets in Resources */,
				D7BCA49C2297E2E9001E4480 /* soulOut.vsh in Resources */,
				D7BCA4AF2297E312001E4480 /* normal.vsh in Resources */,
				D7B31DE022A8A6650084D1FA /* s_shader.fsh in Resources */,
				4BAB8AB82292E04500A8D406 /* Main.storyboard in Resources */,
				4BAB8B082292F44600A8D406 /* sample.jpg in Resources */,
				D7BCA4B02297E312001E4480 /* illusion.vsh in Resources */,
			);
			runOnlyForDeploymentPostprocessing = 0;
		};
/* End PBXResourcesBuildPhase section */

/* Begin PBXSourcesBuildPhase section */
		4BAB8AA92292E04500A8D406 /* Sources */ = {
			isa = PBXSourcesBuildPhase;
			buildActionMask = 2147483647;
			files = (
				D7B31DDA22A7E0320084D1FA /* CombinationViewController.m in Sources */,
				D7F349402293F73C00AEF51A /* GLSLViewController.m in Sources */,
				D7BCA4922297BEF2001E4480 /* FilterViewController.m in Sources */,
				D7B31DDD22A7E1DD0084D1FA /* CombineFilter.m in Sources */,
				D7BCA4B42297E8E9001E4480 /* FilterShaderBar.m in Sources */,
				4BAB8AB52292E04500A8D406 /* TBViewController.m in Sources */,
				4BAB8AC02292E04900A8D406 /* main.m in Sources */,
				4BAB8AC82292E56500A8D406 /* GLKitViewController.m in Sources */,
				D7A8385F22E95E5C00985AD2 /* SplitScreenFilter.m in Sources */,
				4BAB8AB22292E04500A8D406 /* AppDelegate.m in Sources */,
				D7BCA48C229641DE001E4480 /* LongLegsViewController.m in Sources */,
				D7BCA5F0229D4CEA001E4480 /* UIViewController+Statistics.m in Sources */,
				D7AAF8F822E9A4E700AB5B93 /* MutipleScreenFilter.m in Sources */,
				D7F349482293FED300AEF51A /* GLSLShader.m in Sources */,
				4BAB8B102295915D00A8D406 /* ContentView.m in Sources */,
				D7AAF8FF22E9A52400AB5B93 /* ScreenFilter.m in Sources */,
				D7AAF90322E9BFB000AB5B93 /* MutipleResourceScreenFilter.m in Sources */,
				D7AAF90A22EAE28700AB5B93 /* glad.c in Sources */,
			);
			runOnlyForDeploymentPostprocessing = 0;
		};
/* End PBXSourcesBuildPhase section */

/* Begin PBXVariantGroup section */
		4BAB8AB62292E04500A8D406 /* Main.storyboard */ = {
			isa = PBXVariantGroup;
			children = (
				4BAB8AB72292E04500A8D406 /* Base */,
			);
			name = Main.storyboard;
			sourceTree = "<group>";
		};
		4BAB8ABB2292E04900A8D406 /* LaunchScreen.storyboard */ = {
			isa = PBXVariantGroup;
			children = (
				4BAB8ABC2292E04900A8D406 /* Base */,
			);
			name = LaunchScreen.storyboard;
			sourceTree = "<group>";
		};
/* End PBXVariantGroup section */

/* Begin XCBuildConfiguration section */
		4BAB8AC12292E04900A8D406 /* Debug */ = {
			isa = XCBuildConfiguration;
			buildSettings = {
				ALWAYS_SEARCH_USER_PATHS = NO;
				CLANG_ANALYZER_NONNULL = YES;
				CLANG_ANALYZER_NUMBER_OBJECT_CONVERSION = YES_AGGRESSIVE;
				CLANG_CXX_LANGUAGE_STANDARD = "gnu++14";
				CLANG_CXX_LIBRARY = "libc++";
				CLANG_ENABLE_MODULES = YES;
				CLANG_ENABLE_OBJC_ARC = YES;
				CLANG_ENABLE_OBJC_WEAK = YES;
				CLANG_WARN_BLOCK_CAPTURE_AUTORELEASING = YES;
				CLANG_WARN_BOOL_CONVERSION = YES;
				CLANG_WARN_COMMA = YES;
				CLANG_WARN_CONSTANT_CONVERSION = YES;
				CLANG_WARN_DEPRECATED_OBJC_IMPLEMENTATIONS = YES;
				CLANG_WARN_DIRECT_OBJC_ISA_USAGE = YES_ERROR;
				CLANG_WARN_DOCUMENTATION_COMMENTS = YES;
				CLANG_WARN_EMPTY_BODY = YES;
				CLANG_WARN_ENUM_CONVERSION = YES;
				CLANG_WARN_INFINITE_RECURSION = YES;
				CLANG_WARN_INT_CONVERSION = YES;
				CLANG_WARN_NON_LITERAL_NULL_CONVERSION = YES;
				CLANG_WARN_OBJC_IMPLICIT_RETAIN_SELF = YES;
				CLANG_WARN_OBJC_LITERAL_CONVERSION = YES;
				CLANG_WARN_OBJC_ROOT_CLASS = YES_ERROR;
				CLANG_WARN_RANGE_LOOP_ANALYSIS = YES;
				CLANG_WARN_STRICT_PROTOTYPES = YES;
				CLANG_WARN_SUSPICIOUS_MOVE = YES;
				CLANG_WARN_UNGUARDED_AVAILABILITY = YES_AGGRESSIVE;
				CLANG_WARN_UNREACHABLE_CODE = YES;
				CLANG_WARN__DUPLICATE_METHOD_MATCH = YES;
				CODE_SIGN_IDENTITY = "iPhone Developer";
				COPY_PHASE_STRIP = NO;
				DEBUG_INFORMATION_FORMAT = dwarf;
				ENABLE_STRICT_OBJC_MSGSEND = YES;
				ENABLE_TESTABILITY = YES;
				GCC_C_LANGUAGE_STANDARD = gnu11;
				GCC_DYNAMIC_NO_PIC = NO;
				GCC_NO_COMMON_BLOCKS = YES;
				GCC_OPTIMIZATION_LEVEL = 0;
				GCC_PREPROCESSOR_DEFINITIONS = (
					"DEBUG=1",
					"$(inherited)",
				);
				GCC_WARN_64_TO_32_BIT_CONVERSION = YES;
				GCC_WARN_ABOUT_RETURN_TYPE = YES_ERROR;
				GCC_WARN_UNDECLARED_SELECTOR = YES;
				GCC_WARN_UNINITIALIZED_AUTOS = YES_AGGRESSIVE;
				GCC_WARN_UNUSED_FUNCTION = YES;
				GCC_WARN_UNUSED_VARIABLE = YES;
				IPHONEOS_DEPLOYMENT_TARGET = 10.0;
				MTL_ENABLE_DEBUG_INFO = INCLUDE_SOURCE;
				MTL_FAST_MATH = YES;
				ONLY_ACTIVE_ARCH = YES;
				SDKROOT = iphoneos;
			};
			name = Debug;
		};
		4BAB8AC22292E04900A8D406 /* Release */ = {
			isa = XCBuildConfiguration;
			buildSettings = {
				ALWAYS_SEARCH_USER_PATHS = NO;
				CLANG_ANALYZER_NONNULL = YES;
				CLANG_ANALYZER_NUMBER_OBJECT_CONVERSION = YES_AGGRESSIVE;
				CLANG_CXX_LANGUAGE_STANDARD = "gnu++14";
				CLANG_CXX_LIBRARY = "libc++";
				CLANG_ENABLE_MODULES = YES;
				CLANG_ENABLE_OBJC_ARC = YES;
				CLANG_ENABLE_OBJC_WEAK = YES;
				CLANG_WARN_BLOCK_CAPTURE_AUTORELEASING = YES;
				CLANG_WARN_BOOL_CONVERSION = YES;
				CLANG_WARN_COMMA = YES;
				CLANG_WARN_CONSTANT_CONVERSION = YES;
				CLANG_WARN_DEPRECATED_OBJC_IMPLEMENTATIONS = YES;
				CLANG_WARN_DIRECT_OBJC_ISA_USAGE = YES_ERROR;
				CLANG_WARN_DOCUMENTATION_COMMENTS = YES;
				CLANG_WARN_EMPTY_BODY = YES;
				CLANG_WARN_ENUM_CONVERSION = YES;
				CLANG_WARN_INFINITE_RECURSION = YES;
				CLANG_WARN_INT_CONVERSION = YES;
				CLANG_WARN_NON_LITERAL_NULL_CONVERSION = YES;
				CLANG_WARN_OBJC_IMPLICIT_RETAIN_SELF = YES;
				CLANG_WARN_OBJC_LITERAL_CONVERSION = YES;
				CLANG_WARN_OBJC_ROOT_CLASS = YES_ERROR;
				CLANG_WARN_RANGE_LOOP_ANALYSIS = YES;
				CLANG_WARN_STRICT_PROTOTYPES = YES;
				CLANG_WARN_SUSPICIOUS_MOVE = YES;
				CLANG_WARN_UNGUARDED_AVAILABILITY = YES_AGGRESSIVE;
				CLANG_WARN_UNREACHABLE_CODE = YES;
				CLANG_WARN__DUPLICATE_METHOD_MATCH = YES;
				CODE_SIGN_IDENTITY = "iPhone Developer";
				COPY_PHASE_STRIP = NO;
				DEBUG_INFORMATION_FORMAT = "dwarf-with-dsym";
				ENABLE_NS_ASSERTIONS = NO;
				ENABLE_STRICT_OBJC_MSGSEND = YES;
				GCC_C_LANGUAGE_STANDARD = gnu11;
				GCC_NO_COMMON_BLOCKS = YES;
				GCC_WARN_64_TO_32_BIT_CONVERSION = YES;
				GCC_WARN_ABOUT_RETURN_TYPE = YES_ERROR;
				GCC_WARN_UNDECLARED_SELECTOR = YES;
				GCC_WARN_UNINITIALIZED_AUTOS = YES_AGGRESSIVE;
				GCC_WARN_UNUSED_FUNCTION = YES;
				GCC_WARN_UNUSED_VARIABLE = YES;
				IPHONEOS_DEPLOYMENT_TARGET = 10.0;
				MTL_ENABLE_DEBUG_INFO = NO;
				MTL_FAST_MATH = YES;
				SDKROOT = iphoneos;
				VALIDATE_PRODUCT = YES;
			};
			name = Release;
		};
		4BAB8AC42292E04900A8D406 /* Debug */ = {
			isa = XCBuildConfiguration;
			buildSettings = {
				ASSETCATALOG_COMPILER_APPICON_NAME = AppIcon;
				CODE_SIGN_STYLE = Automatic;
				DEVELOPMENT_TEAM = 9U2KRZU6GT;
				FRAMEWORK_SEARCH_PATHS = "";
				INFOPLIST_FILE = "LearnOpenGL-APP/Info.plist";
				IPHONEOS_DEPLOYMENT_TARGET = 9.0;
				LD_RUNPATH_SEARCH_PATHS = (
					"$(inherited)",
					"@executable_path/Frameworks",
				);
				PRODUCT_BUNDLE_IDENTIFIER = "com.kirk.LearnOpenGL-APP";
				PRODUCT_NAME = "$(TARGET_NAME)";
				TARGETED_DEVICE_FAMILY = "1,2";
			};
			name = Debug;
		};
		4BAB8AC52292E04900A8D406 /* Release */ = {
			isa = XCBuildConfiguration;
			buildSettings = {
				ASSETCATALOG_COMPILER_APPICON_NAME = AppIcon;
				CODE_SIGN_STYLE = Automatic;
				DEVELOPMENT_TEAM = 9U2KRZU6GT;
				FRAMEWORK_SEARCH_PATHS = "";
				INFOPLIST_FILE = "LearnOpenGL-APP/Info.plist";
				IPHONEOS_DEPLOYMENT_TARGET = 9.0;
				LD_RUNPATH_SEARCH_PATHS = (
					"$(inherited)",
					"@executable_path/Frameworks",
				);
				PRODUCT_BUNDLE_IDENTIFIER = "com.kirk.LearnOpenGL-APP";
				PRODUCT_NAME = "$(TARGET_NAME)";
				TARGETED_DEVICE_FAMILY = "1,2";
			};
			name = Release;
		};
/* End XCBuildConfiguration section */

/* Begin XCConfigurationList section */
		4BAB8AA82292E04500A8D406 /* Build configuration list for PBXProject "LearnOpenGL-APP" */ = {
			isa = XCConfigurationList;
			buildConfigurations = (
				4BAB8AC12292E04900A8D406 /* Debug */,
				4BAB8AC22292E04900A8D406 /* Release */,
			);
			defaultConfigurationIsVisible = 0;
			defaultConfigurationName = Release;
		};
		4BAB8AC32292E04900A8D406 /* Build configuration list for PBXNativeTarget "LearnOpenGL-APP" */ = {
			isa = XCConfigurationList;
			buildConfigurations = (
				4BAB8AC42292E04900A8D406 /* Debug */,
				4BAB8AC52292E04900A8D406 /* Release */,
			);
			defaultConfigurationIsVisible = 0;
			defaultConfigurationName = Release;
		};
/* End XCConfigurationList section */
	};
	rootObject = 4BAB8AA52292E04500A8D406 /* Project object */;
}
